// !$*UTF8*$!
{
	archiveVersion = 1;
	classes = {
	};
	objectVersion = 51;
	objects = {

/* Begin PBXBuildFile section */
		13201FF62319AECA00BF3A01 /* LineChart.swift in Sources */ = {isa = PBXBuildFile; fileRef = 13201FF52319AECA00BF3A01 /* LineChart.swift */; };
		133729352383872000C83027 /* Tutorial.storyboard in Resources */ = {isa = PBXBuildFile; fileRef = 133729342383872000C83027 /* Tutorial.storyboard */; };
		1337293723877C7800C83027 /* ConfirmPopup.swift in Sources */ = {isa = PBXBuildFile; fileRef = 1337293623877C7300C83027 /* ConfirmPopup.swift */; };
		133DA76722FA101C000614A8 /* CircleChart.swift in Sources */ = {isa = PBXBuildFile; fileRef = 133DA76622FA101C000614A8 /* CircleChart.swift */; };
		133DA76B23049AF8000614A8 /* PhoneViewController.swift in Sources */ = {isa = PBXBuildFile; fileRef = 133DA76A23049AF8000614A8 /* PhoneViewController.swift */; };
		13544EAE231A076F00B2D2AB /* NudgesViewController.swift in Sources */ = {isa = PBXBuildFile; fileRef = 13544EAD231A076F00B2D2AB /* NudgesViewController.swift */; };
		13751C86237245510014BAD0 /* Nudges.storyboard in Resources */ = {isa = PBXBuildFile; fileRef = 13751C84237245510014BAD0 /* Nudges.storyboard */; };
		13751C8823724B900014BAD0 /* GameStats.storyboard in Resources */ = {isa = PBXBuildFile; fileRef = 13751C8723724B900014BAD0 /* GameStats.storyboard */; };
		13751C92237261E50014BAD0 /* Companions.storyboard in Resources */ = {isa = PBXBuildFile; fileRef = 13751C91237261E50014BAD0 /* Companions.storyboard */; };
		13751C95237262810014BAD0 /* GameCosmetics.storyboard in Resources */ = {isa = PBXBuildFile; fileRef = 13751C93237262810014BAD0 /* GameCosmetics.storyboard */; };
		13751C97237262C10014BAD0 /* Achievements.storyboard in Resources */ = {isa = PBXBuildFile; fileRef = 13751C96237262C10014BAD0 /* Achievements.storyboard */; };
		138637D6239EF415007E6108 /* TutorialsViewController.swift in Sources */ = {isa = PBXBuildFile; fileRef = 138637D5239EF415007E6108 /* TutorialsViewController.swift */; };
		1391C015230E156900416516 /* WatchViewController.swift in Sources */ = {isa = PBXBuildFile; fileRef = 1391C014230E156900416516 /* WatchViewController.swift */; };
		1391C017230F365E00416516 /* Quotes.swift in Sources */ = {isa = PBXBuildFile; fileRef = 1391C016230F365E00416516 /* Quotes.swift */; };
		1397AFAC234C044300D5073F /* PetInteraction.storyboard in Resources */ = {isa = PBXBuildFile; fileRef = 1397AFAB234C044300D5073F /* PetInteraction.storyboard */; };
		1397AFAE234C103000D5073F /* PetInteractionController.swift in Sources */ = {isa = PBXBuildFile; fileRef = 1397AFAD234C103000D5073F /* PetInteractionController.swift */; };
		13A3918F23175B4D00809895 /* Companions.swift in Sources */ = {isa = PBXBuildFile; fileRef = 13A3918E23175B4C00809895 /* Companions.swift */; };
		13A9A9A6236111E7006A4A11 /* GoalSetter.storyboard in Resources */ = {isa = PBXBuildFile; fileRef = 13A9A9A5236111E7006A4A11 /* GoalSetter.storyboard */; };
		13A9A9A823624FFA006A4A11 /* GoalSetter.swift in Sources */ = {isa = PBXBuildFile; fileRef = 13A9A9A723624FFA006A4A11 /* GoalSetter.swift */; };
		1B5530DB22BBFA5E009C1B65 /* RealmManager.swift in Sources */ = {isa = PBXBuildFile; fileRef = 1B5530DA22BBFA5E009C1B65 /* RealmManager.swift */; };
		1B5530DD22BC08CD009C1B65 /* GameDataModel.swift in Sources */ = {isa = PBXBuildFile; fileRef = 1B5530DC22BC08CD009C1B65 /* GameDataModel.swift */; };
		1BE544A122C2995500620EC9 /* GoogleService-Info.plist in Resources */ = {isa = PBXBuildFile; fileRef = 1BE544A022C2995500620EC9 /* GoogleService-Info.plist */; };
		2258A74006CBA2A40E3F945C /* Pods_TenacityV3_WatchKit_Extension.framework in Frameworks */ = {isa = PBXBuildFile; fileRef = 2AB292CE1E3E87364AE18C62 /* Pods_TenacityV3_WatchKit_Extension.framework */; };
		34C360C87C069D4256C985C8 /* Pods_TenacityV3.framework in Frameworks */ = {isa = PBXBuildFile; fileRef = 99CC450B106B1C2C110FD93E /* Pods_TenacityV3.framework */; };
		421307A922DFCBB90007C445 /* Quests.swift in Sources */ = {isa = PBXBuildFile; fileRef = 421307A822DFCBB90007C445 /* Quests.swift */; };
		421B843D22EFB01E008839C5 /* Pet.swift in Sources */ = {isa = PBXBuildFile; fileRef = 421B843C22EFB01E008839C5 /* Pet.swift */; };
		4220938622EBC5B20082834C /* HomeViewController.swift in Sources */ = {isa = PBXBuildFile; fileRef = 4220938522EBC5B20082834C /* HomeViewController.swift */; };
		42398AB422938159009CA96E /* AppDelegate.swift in Sources */ = {isa = PBXBuildFile; fileRef = 42398AB322938159009CA96E /* AppDelegate.swift */; };
		42398AB622938159009CA96E /* ViewController.swift in Sources */ = {isa = PBXBuildFile; fileRef = 42398AB522938159009CA96E /* ViewController.swift */; };
		42398AB922938159009CA96E /* Main.storyboard in Resources */ = {isa = PBXBuildFile; fileRef = 42398AB722938159009CA96E /* Main.storyboard */; };
		42398ABB2293815A009CA96E /* Assets.xcassets in Resources */ = {isa = PBXBuildFile; fileRef = 42398ABA2293815A009CA96E /* Assets.xcassets */; };
		42398AC32293815A009CA96E /* TenacityV3 WatchKit App.app in Embed Watch Content */ = {isa = PBXBuildFile; fileRef = 42398AC22293815A009CA96E /* TenacityV3 WatchKit App.app */; };
		42398AC92293815A009CA96E /* Interface.storyboard in Resources */ = {isa = PBXBuildFile; fileRef = 42398AC72293815A009CA96E /* Interface.storyboard */; };
		42398ACB2293815B009CA96E /* Assets.xcassets in Resources */ = {isa = PBXBuildFile; fileRef = 42398ACA2293815B009CA96E /* Assets.xcassets */; };
		42398AD22293815B009CA96E /* TenacityV3 WatchKit Extension.appex in Embed App Extensions */ = {isa = PBXBuildFile; fileRef = 42398AD12293815B009CA96E /* TenacityV3 WatchKit Extension.appex */; settings = {ATTRIBUTES = (RemoveHeadersOnCopy, ); }; };
		42398AD72293815B009CA96E /* InterfaceController.swift in Sources */ = {isa = PBXBuildFile; fileRef = 42398AD62293815B009CA96E /* InterfaceController.swift */; };
		42398AD92293815B009CA96E /* ExtensionDelegate.swift in Sources */ = {isa = PBXBuildFile; fileRef = 42398AD82293815B009CA96E /* ExtensionDelegate.swift */; };
		42398ADB2293815B009CA96E /* NotificationController.swift in Sources */ = {isa = PBXBuildFile; fileRef = 42398ADA2293815B009CA96E /* NotificationController.swift */; };
		42398ADD2293815B009CA96E /* Assets.xcassets in Resources */ = {isa = PBXBuildFile; fileRef = 42398ADC2293815B009CA96E /* Assets.xcassets */; };
		42398AF622938304009CA96E /* BreatheController.swift in Sources */ = {isa = PBXBuildFile; fileRef = 42398AF522938304009CA96E /* BreatheController.swift */; };
		42398AFA2293872F009CA96E /* LotusController.swift in Sources */ = {isa = PBXBuildFile; fileRef = 42398AF72293832C009CA96E /* LotusController.swift */; };
		42398B0022938EEA009CA96E /* Breathe.storyboard in Resources */ = {isa = PBXBuildFile; fileRef = 42398AFF22938EEA009CA96E /* Breathe.storyboard */; };
		42398B0222938FF5009CA96E /* Lotus.storyboard in Resources */ = {isa = PBXBuildFile; fileRef = 42398B0122938F55009CA96E /* Lotus.storyboard */; };
		4251742022F0D68600A11551 /* Help.storyboard in Resources */ = {isa = PBXBuildFile; fileRef = 4251741F22F0D68600A11551 /* Help.storyboard */; };
		42711E9722A74CBE00AAABDB /* Scheduler.storyboard in Resources */ = {isa = PBXBuildFile; fileRef = 42711E9622A74CBE00AAABDB /* Scheduler.storyboard */; };
		42711E9922A7517A00AAABDB /* SchedulerController.swift in Sources */ = {isa = PBXBuildFile; fileRef = 42711E9822A7517A00AAABDB /* SchedulerController.swift */; };
		42711E9B22AF33F400AAABDB /* PhoneScheduler.swift in Sources */ = {isa = PBXBuildFile; fileRef = 42711E9A22AF33F400AAABDB /* PhoneScheduler.swift */; };
		42B7585E22EA92570023B7A7 /* PageController.swift in Sources */ = {isa = PBXBuildFile; fileRef = 42B7585D22EA92570023B7A7 /* PageController.swift */; };
		42EEE00A22F1056300BE02DC /* CompanionsViewController.swift in Sources */ = {isa = PBXBuildFile; fileRef = 42EEE00922F1056300BE02DC /* CompanionsViewController.swift */; };
		42EEE00C22F1058100BE02DC /* GameSettingsViewController.swift in Sources */ = {isa = PBXBuildFile; fileRef = 42EEE00B22F1058100BE02DC /* GameSettingsViewController.swift */; };
		42EEE00E22F105AB00BE02DC /* BreatheFocusStatsViewController.swift in Sources */ = {isa = PBXBuildFile; fileRef = 42EEE00D22F105AB00BE02DC /* BreatheFocusStatsViewController.swift */; };
		42EEE01022F105C300BE02DC /* BreatheInfiniteStatsViewController.swift in Sources */ = {isa = PBXBuildFile; fileRef = 42EEE00F22F105C300BE02DC /* BreatheInfiniteStatsViewController.swift */; };
		42EEE01222F105DB00BE02DC /* LotusStatsViewController.swift in Sources */ = {isa = PBXBuildFile; fileRef = 42EEE01122F105DB00BE02DC /* LotusStatsViewController.swift */; };
		42EEE01422F109DD00BE02DC /* HelpViewController.swift in Sources */ = {isa = PBXBuildFile; fileRef = 42EEE01322F109DD00BE02DC /* HelpViewController.swift */; };
		42F38A9D229625DD0067ED4D /* FreeBreathe.storyboard in Resources */ = {isa = PBXBuildFile; fileRef = 42F38A9C229625DD0067ED4D /* FreeBreathe.storyboard */; };
		42F38A9F2296270C0067ED4D /* FreeBreatheController.swift in Sources */ = {isa = PBXBuildFile; fileRef = 42F38A9E2296270C0067ED4D /* FreeBreatheController.swift */; };
		5E1A06ED0BAF14DB991A75EF /* libPods-TenacityV3 WatchKit App.a in Frameworks */ = {isa = PBXBuildFile; fileRef = 13672619B21669D0BC85F382 /* libPods-TenacityV3 WatchKit App.a */; };
/* End PBXBuildFile section */

/* Begin PBXContainerItemProxy section */
		42398AC42293815A009CA96E /* PBXContainerItemProxy */ = {
			isa = PBXContainerItemProxy;
			containerPortal = 42398AA822938159009CA96E /* Project object */;
			proxyType = 1;
			remoteGlobalIDString = 42398AC12293815A009CA96E;
			remoteInfo = "TenacityV3 WatchKit App";
		};
		42398AD32293815B009CA96E /* PBXContainerItemProxy */ = {
			isa = PBXContainerItemProxy;
			containerPortal = 42398AA822938159009CA96E /* Project object */;
			proxyType = 1;
			remoteGlobalIDString = 42398AD02293815B009CA96E;
			remoteInfo = "TenacityV3 WatchKit Extension";
		};
/* End PBXContainerItemProxy section */

/* Begin PBXCopyFilesBuildPhase section */
		42398AE52293815B009CA96E /* Embed App Extensions */ = {
			isa = PBXCopyFilesBuildPhase;
			buildActionMask = 2147483647;
			dstPath = "";
			dstSubfolderSpec = 13;
			files = (
				42398AD22293815B009CA96E /* TenacityV3 WatchKit Extension.appex in Embed App Extensions */,
			);
			name = "Embed App Extensions";
			runOnlyForDeploymentPostprocessing = 0;
		};
		42398AE92293815B009CA96E /* Embed Watch Content */ = {
			isa = PBXCopyFilesBuildPhase;
			buildActionMask = 2147483647;
			dstPath = "$(CONTENTS_FOLDER_PATH)/Watch";
			dstSubfolderSpec = 16;
			files = (
				42398AC32293815A009CA96E /* TenacityV3 WatchKit App.app in Embed Watch Content */,
			);
			name = "Embed Watch Content";
			runOnlyForDeploymentPostprocessing = 0;
		};
/* End PBXCopyFilesBuildPhase section */

/* Begin PBXFileReference section */
		1236F6F0747D4D66CE6E4F10 /* Pods-TenacityV3.release.xcconfig */ = {isa = PBXFileReference; includeInIndex = 1; lastKnownFileType = text.xcconfig; name = "Pods-TenacityV3.release.xcconfig"; path = "Target Support Files/Pods-TenacityV3/Pods-TenacityV3.release.xcconfig"; sourceTree = "<group>"; };
		13201FF52319AECA00BF3A01 /* LineChart.swift */ = {isa = PBXFileReference; fileEncoding = 4; lastKnownFileType = sourcecode.swift; path = LineChart.swift; sourceTree = "<group>"; };
		133729342383872000C83027 /* Tutorial.storyboard */ = {isa = PBXFileReference; fileEncoding = 4; lastKnownFileType = file.storyboard; path = Tutorial.storyboard; sourceTree = "<group>"; };
		1337293623877C7300C83027 /* ConfirmPopup.swift */ = {isa = PBXFileReference; lastKnownFileType = sourcecode.swift; path = ConfirmPopup.swift; sourceTree = "<group>"; };
		133DA76622FA101C000614A8 /* CircleChart.swift */ = {isa = PBXFileReference; fileEncoding = 4; lastKnownFileType = sourcecode.swift; path = CircleChart.swift; sourceTree = "<group>"; };
		133DA76A23049AF8000614A8 /* PhoneViewController.swift */ = {isa = PBXFileReference; lastKnownFileType = sourcecode.swift; path = PhoneViewController.swift; sourceTree = "<group>"; };
		13544EAD231A076F00B2D2AB /* NudgesViewController.swift */ = {isa = PBXFileReference; lastKnownFileType = sourcecode.swift; path = NudgesViewController.swift; sourceTree = "<group>"; };
		13672619B21669D0BC85F382 /* libPods-TenacityV3 WatchKit App.a */ = {isa = PBXFileReference; explicitFileType = archive.ar; includeInIndex = 0; path = "libPods-TenacityV3 WatchKit App.a"; sourceTree = BUILT_PRODUCTS_DIR; };
		13751C85237245510014BAD0 /* Base */ = {isa = PBXFileReference; lastKnownFileType = file.storyboard; name = Base; path = Base.lproj/Nudges.storyboard; sourceTree = "<group>"; };
		13751C8723724B900014BAD0 /* GameStats.storyboard */ = {isa = PBXFileReference; fileEncoding = 4; lastKnownFileType = file.storyboard; name = GameStats.storyboard; path = TenacityV3/GameStats.storyboard; sourceTree = SOURCE_ROOT; };
		13751C91237261E50014BAD0 /* Companions.storyboard */ = {isa = PBXFileReference; fileEncoding = 4; lastKnownFileType = file.storyboard; name = Companions.storyboard; path = TenacityV3/Companions.storyboard; sourceTree = SOURCE_ROOT; };
		13751C94237262810014BAD0 /* Base */ = {isa = PBXFileReference; lastKnownFileType = file.storyboard; name = Base; path = Base.lproj/GameCosmetics.storyboard; sourceTree = "<group>"; };
		13751C96237262C10014BAD0 /* Achievements.storyboard */ = {isa = PBXFileReference; fileEncoding = 4; lastKnownFileType = file.storyboard; path = Achievements.storyboard; sourceTree = SOURCE_ROOT; };
		138637D5239EF415007E6108 /* TutorialsViewController.swift */ = {isa = PBXFileReference; lastKnownFileType = sourcecode.swift; path = TutorialsViewController.swift; sourceTree = "<group>"; };
		1391C014230E156900416516 /* WatchViewController.swift */ = {isa = PBXFileReference; lastKnownFileType = sourcecode.swift; path = WatchViewController.swift; sourceTree = "<group>"; };
		1391C016230F365E00416516 /* Quotes.swift */ = {isa = PBXFileReference; lastKnownFileType = sourcecode.swift; path = Quotes.swift; sourceTree = "<group>"; };
		1397AFAB234C044300D5073F /* PetInteraction.storyboard */ = {isa = PBXFileReference; lastKnownFileType = file.storyboard; path = PetInteraction.storyboard; sourceTree = "<group>"; };
		1397AFAD234C103000D5073F /* PetInteractionController.swift */ = {isa = PBXFileReference; lastKnownFileType = sourcecode.swift; path = PetInteractionController.swift; sourceTree = "<group>"; };
		13A3918E23175B4C00809895 /* Companions.swift */ = {isa = PBXFileReference; lastKnownFileType = sourcecode.swift; path = Companions.swift; sourceTree = "<group>"; };
		13A9A9A5236111E7006A4A11 /* GoalSetter.storyboard */ = {isa = PBXFileReference; lastKnownFileType = file.storyboard; path = GoalSetter.storyboard; sourceTree = "<group>"; };
		13A9A9A723624FFA006A4A11 /* GoalSetter.swift */ = {isa = PBXFileReference; lastKnownFileType = sourcecode.swift; path = GoalSetter.swift; sourceTree = "<group>"; };
		1B5530DA22BBFA5E009C1B65 /* RealmManager.swift */ = {isa = PBXFileReference; lastKnownFileType = sourcecode.swift; path = RealmManager.swift; sourceTree = "<group>"; };
		1B5530DC22BC08CD009C1B65 /* GameDataModel.swift */ = {isa = PBXFileReference; lastKnownFileType = sourcecode.swift; path = GameDataModel.swift; sourceTree = "<group>"; };
		1BE544A022C2995500620EC9 /* GoogleService-Info.plist */ = {isa = PBXFileReference; fileEncoding = 4; lastKnownFileType = text.plist.xml; path = "GoogleService-Info.plist"; sourceTree = "<group>"; };
		2AB292CE1E3E87364AE18C62 /* Pods_TenacityV3_WatchKit_Extension.framework */ = {isa = PBXFileReference; explicitFileType = wrapper.framework; includeInIndex = 0; path = Pods_TenacityV3_WatchKit_Extension.framework; sourceTree = BUILT_PRODUCTS_DIR; };
		421307A822DFCBB90007C445 /* Quests.swift */ = {isa = PBXFileReference; lastKnownFileType = sourcecode.swift; path = Quests.swift; sourceTree = "<group>"; };
		421B843C22EFB01E008839C5 /* Pet.swift */ = {isa = PBXFileReference; lastKnownFileType = sourcecode.swift; path = Pet.swift; sourceTree = "<group>"; };
		4220938522EBC5B20082834C /* HomeViewController.swift */ = {isa = PBXFileReference; lastKnownFileType = sourcecode.swift; path = HomeViewController.swift; sourceTree = "<group>"; };
		42398AB022938159009CA96E /* TenacityV3.app */ = {isa = PBXFileReference; explicitFileType = wrapper.application; includeInIndex = 0; path = TenacityV3.app; sourceTree = BUILT_PRODUCTS_DIR; };
		42398AB322938159009CA96E /* AppDelegate.swift */ = {isa = PBXFileReference; lastKnownFileType = sourcecode.swift; path = AppDelegate.swift; sourceTree = "<group>"; };
		42398AB522938159009CA96E /* ViewController.swift */ = {isa = PBXFileReference; lastKnownFileType = sourcecode.swift; path = ViewController.swift; sourceTree = "<group>"; };
		42398AB822938159009CA96E /* Base */ = {isa = PBXFileReference; lastKnownFileType = file.storyboard; name = Base; path = Base.lproj/Main.storyboard; sourceTree = "<group>"; };
		42398ABA2293815A009CA96E /* Assets.xcassets */ = {isa = PBXFileReference; lastKnownFileType = folder.assetcatalog; path = Assets.xcassets; sourceTree = "<group>"; };
		42398ABF2293815A009CA96E /* Info.plist */ = {isa = PBXFileReference; lastKnownFileType = text.plist.xml; path = Info.plist; sourceTree = "<group>"; };
		42398AC22293815A009CA96E /* TenacityV3 WatchKit App.app */ = {isa = PBXFileReference; explicitFileType = wrapper.application; includeInIndex = 0; path = "TenacityV3 WatchKit App.app"; sourceTree = BUILT_PRODUCTS_DIR; };
		42398AC82293815A009CA96E /* Base */ = {isa = PBXFileReference; lastKnownFileType = file.storyboard; name = Base; path = Base.lproj/Interface.storyboard; sourceTree = "<group>"; };
		42398ACA2293815B009CA96E /* Assets.xcassets */ = {isa = PBXFileReference; lastKnownFileType = folder.assetcatalog; path = Assets.xcassets; sourceTree = "<group>"; };
		42398ACC2293815B009CA96E /* Info.plist */ = {isa = PBXFileReference; lastKnownFileType = text.plist.xml; path = Info.plist; sourceTree = "<group>"; };
		42398AD12293815B009CA96E /* TenacityV3 WatchKit Extension.appex */ = {isa = PBXFileReference; explicitFileType = "wrapper.app-extension"; includeInIndex = 0; path = "TenacityV3 WatchKit Extension.appex"; sourceTree = BUILT_PRODUCTS_DIR; };
		42398AD62293815B009CA96E /* InterfaceController.swift */ = {isa = PBXFileReference; lastKnownFileType = sourcecode.swift; path = InterfaceController.swift; sourceTree = "<group>"; };
		42398AD82293815B009CA96E /* ExtensionDelegate.swift */ = {isa = PBXFileReference; lastKnownFileType = sourcecode.swift; path = ExtensionDelegate.swift; sourceTree = "<group>"; };
		42398ADA2293815B009CA96E /* NotificationController.swift */ = {isa = PBXFileReference; lastKnownFileType = sourcecode.swift; path = NotificationController.swift; sourceTree = "<group>"; };
		42398ADC2293815B009CA96E /* Assets.xcassets */ = {isa = PBXFileReference; lastKnownFileType = folder.assetcatalog; path = Assets.xcassets; sourceTree = "<group>"; };
		42398ADE2293815B009CA96E /* Info.plist */ = {isa = PBXFileReference; lastKnownFileType = text.plist.xml; path = Info.plist; sourceTree = "<group>"; };
		42398ADF2293815B009CA96E /* PushNotificationPayload.apns */ = {isa = PBXFileReference; lastKnownFileType = text; path = PushNotificationPayload.apns; sourceTree = "<group>"; };
		42398AF522938304009CA96E /* BreatheController.swift */ = {isa = PBXFileReference; lastKnownFileType = sourcecode.swift; path = BreatheController.swift; sourceTree = "<group>"; };
		42398AF72293832C009CA96E /* LotusController.swift */ = {isa = PBXFileReference; lastKnownFileType = sourcecode.swift; path = LotusController.swift; sourceTree = "<group>"; };
		42398AFF22938EEA009CA96E /* Breathe.storyboard */ = {isa = PBXFileReference; fileEncoding = 4; lastKnownFileType = file.storyboard; path = Breathe.storyboard; sourceTree = "<group>"; };
		42398B0122938F55009CA96E /* Lotus.storyboard */ = {isa = PBXFileReference; lastKnownFileType = file.storyboard; path = Lotus.storyboard; sourceTree = "<group>"; };
		4251741F22F0D68600A11551 /* Help.storyboard */ = {isa = PBXFileReference; lastKnownFileType = file.storyboard; path = Help.storyboard; sourceTree = "<group>"; };
		42711E9622A74CBE00AAABDB /* Scheduler.storyboard */ = {isa = PBXFileReference; lastKnownFileType = file.storyboard; path = Scheduler.storyboard; sourceTree = "<group>"; };
		42711E9822A7517A00AAABDB /* SchedulerController.swift */ = {isa = PBXFileReference; lastKnownFileType = sourcecode.swift; name = SchedulerController.swift; path = "../TenacityV3 WatchKit App/SchedulerController.swift"; sourceTree = "<group>"; };
		42711E9A22AF33F400AAABDB /* PhoneScheduler.swift */ = {isa = PBXFileReference; lastKnownFileType = sourcecode.swift; path = PhoneScheduler.swift; sourceTree = "<group>"; };
		42B7585D22EA92570023B7A7 /* PageController.swift */ = {isa = PBXFileReference; lastKnownFileType = sourcecode.swift; path = PageController.swift; sourceTree = "<group>"; };
		42EEE00922F1056300BE02DC /* CompanionsViewController.swift */ = {isa = PBXFileReference; lastKnownFileType = sourcecode.swift; path = CompanionsViewController.swift; sourceTree = "<group>"; };
		42EEE00B22F1058100BE02DC /* GameSettingsViewController.swift */ = {isa = PBXFileReference; lastKnownFileType = sourcecode.swift; path = GameSettingsViewController.swift; sourceTree = "<group>"; };
		42EEE00D22F105AB00BE02DC /* BreatheFocusStatsViewController.swift */ = {isa = PBXFileReference; lastKnownFileType = sourcecode.swift; path = BreatheFocusStatsViewController.swift; sourceTree = "<group>"; };
		42EEE00F22F105C300BE02DC /* BreatheInfiniteStatsViewController.swift */ = {isa = PBXFileReference; lastKnownFileType = sourcecode.swift; path = BreatheInfiniteStatsViewController.swift; sourceTree = "<group>"; };
		42EEE01122F105DB00BE02DC /* LotusStatsViewController.swift */ = {isa = PBXFileReference; lastKnownFileType = sourcecode.swift; path = LotusStatsViewController.swift; sourceTree = "<group>"; };
		42EEE01322F109DD00BE02DC /* HelpViewController.swift */ = {isa = PBXFileReference; lastKnownFileType = sourcecode.swift; path = HelpViewController.swift; sourceTree = "<group>"; };
		42F38A9C229625DD0067ED4D /* FreeBreathe.storyboard */ = {isa = PBXFileReference; lastKnownFileType = file.storyboard; path = FreeBreathe.storyboard; sourceTree = "<group>"; };
		42F38A9E2296270C0067ED4D /* FreeBreatheController.swift */ = {isa = PBXFileReference; lastKnownFileType = sourcecode.swift; name = FreeBreatheController.swift; path = "TenacityV3 WatchKit Extension/FreeBreatheController.swift"; sourceTree = SOURCE_ROOT; };
		546F6C3F423465F77FE70FE4 /* Pods-TenacityV3 WatchKit App.release.xcconfig */ = {isa = PBXFileReference; includeInIndex = 1; lastKnownFileType = text.xcconfig; name = "Pods-TenacityV3 WatchKit App.release.xcconfig"; path = "Target Support Files/Pods-TenacityV3 WatchKit App/Pods-TenacityV3 WatchKit App.release.xcconfig"; sourceTree = "<group>"; };
		6992B54961BF6A58CB35DF08 /* Pods-TenacityV3 WatchKit Extension.release.xcconfig */ = {isa = PBXFileReference; includeInIndex = 1; lastKnownFileType = text.xcconfig; name = "Pods-TenacityV3 WatchKit Extension.release.xcconfig"; path = "Target Support Files/Pods-TenacityV3 WatchKit Extension/Pods-TenacityV3 WatchKit Extension.release.xcconfig"; sourceTree = "<group>"; };
		7399F0FEFAE97B70FEEE86B4 /* Pods-TenacityV3.debug.xcconfig */ = {isa = PBXFileReference; includeInIndex = 1; lastKnownFileType = text.xcconfig; name = "Pods-TenacityV3.debug.xcconfig"; path = "Target Support Files/Pods-TenacityV3/Pods-TenacityV3.debug.xcconfig"; sourceTree = "<group>"; };
		99CC450B106B1C2C110FD93E /* Pods_TenacityV3.framework */ = {isa = PBXFileReference; explicitFileType = wrapper.framework; includeInIndex = 0; path = Pods_TenacityV3.framework; sourceTree = BUILT_PRODUCTS_DIR; };
		CD459BB42BC3D0EDDFEFF3DA /* Pods-TenacityV3 WatchKit App.debug.xcconfig */ = {isa = PBXFileReference; includeInIndex = 1; lastKnownFileType = text.xcconfig; name = "Pods-TenacityV3 WatchKit App.debug.xcconfig"; path = "Target Support Files/Pods-TenacityV3 WatchKit App/Pods-TenacityV3 WatchKit App.debug.xcconfig"; sourceTree = "<group>"; };
		EDE2BEE0C63EB17F5871D326 /* Pods-TenacityV3 WatchKit Extension.debug.xcconfig */ = {isa = PBXFileReference; includeInIndex = 1; lastKnownFileType = text.xcconfig; name = "Pods-TenacityV3 WatchKit Extension.debug.xcconfig"; path = "Target Support Files/Pods-TenacityV3 WatchKit Extension/Pods-TenacityV3 WatchKit Extension.debug.xcconfig"; sourceTree = "<group>"; };
/* End PBXFileReference section */

/* Begin PBXFrameworksBuildPhase section */
		42398AAD22938159009CA96E /* Frameworks */ = {
			isa = PBXFrameworksBuildPhase;
			buildActionMask = 2147483647;
			files = (
				34C360C87C069D4256C985C8 /* Pods_TenacityV3.framework in Frameworks */,
			);
			runOnlyForDeploymentPostprocessing = 0;
		};
		42398ACE2293815B009CA96E /* Frameworks */ = {
			isa = PBXFrameworksBuildPhase;
			buildActionMask = 2147483647;
			files = (
				2258A74006CBA2A40E3F945C /* Pods_TenacityV3_WatchKit_Extension.framework in Frameworks */,
			);
			runOnlyForDeploymentPostprocessing = 0;
		};
		57079B1C9D11269200340A0D /* Frameworks */ = {
			isa = PBXFrameworksBuildPhase;
			buildActionMask = 2147483647;
			files = (
				5E1A06ED0BAF14DB991A75EF /* libPods-TenacityV3 WatchKit App.a in Frameworks */,
			);
			runOnlyForDeploymentPostprocessing = 0;
		};
/* End PBXFrameworksBuildPhase section */

/* Begin PBXGroup section */
		009ABF3051EC5DF5C307CB1D /* Frameworks */ = {
			isa = PBXGroup;
			children = (
				99CC450B106B1C2C110FD93E /* Pods_TenacityV3.framework */,
				13672619B21669D0BC85F382 /* libPods-TenacityV3 WatchKit App.a */,
				2AB292CE1E3E87364AE18C62 /* Pods_TenacityV3_WatchKit_Extension.framework */,
			);
			name = Frameworks;
			sourceTree = "<group>";
		};
		13751C9B237263C40014BAD0 /* Nudges */ = {
			isa = PBXGroup;
			children = (
				13751C84237245510014BAD0 /* Nudges.storyboard */,
				13544EAD231A076F00B2D2AB /* NudgesViewController.swift */,
				42711E9A22AF33F400AAABDB /* PhoneScheduler.swift */,
			);
			name = Nudges;
			sourceTree = "<group>";
		};
		13751C9C2372644D0014BAD0 /* Cosmetics */ = {
			isa = PBXGroup;
			children = (
				13751C93237262810014BAD0 /* GameCosmetics.storyboard */,
				1337293623877C7300C83027 /* ConfirmPopup.swift */,
				42EEE00B22F1058100BE02DC /* GameSettingsViewController.swift */,
			);
			name = Cosmetics;
			sourceTree = "<group>";
		};
		13751C9D237265220014BAD0 /* Companions */ = {
			isa = PBXGroup;
			children = (
				13751C91237261E50014BAD0 /* Companions.storyboard */,
				42EEE00922F1056300BE02DC /* CompanionsViewController.swift */,
			);
			name = Companions;
			sourceTree = "<group>";
		};
		13751C9E2372653E0014BAD0 /* GoalSetter */ = {
			isa = PBXGroup;
			children = (
				13A9A9A5236111E7006A4A11 /* GoalSetter.storyboard */,
				13A9A9A723624FFA006A4A11 /* GoalSetter.swift */,
			);
			name = GoalSetter;
			sourceTree = "<group>";
		};
		13751C9F237265620014BAD0 /* GameStats */ = {
			isa = PBXGroup;
			children = (
				13751C8723724B900014BAD0 /* GameStats.storyboard */,
				42B7585D22EA92570023B7A7 /* PageController.swift */,
				42EEE00D22F105AB00BE02DC /* BreatheFocusStatsViewController.swift */,
				42EEE00F22F105C300BE02DC /* BreatheInfiniteStatsViewController.swift */,
				42EEE01122F105DB00BE02DC /* LotusStatsViewController.swift */,
			);
			name = GameStats;
			sourceTree = "<group>";
		};
		13751CA0237265A50014BAD0 /* Help */ = {
			isa = PBXGroup;
			children = (
				4251741F22F0D68600A11551 /* Help.storyboard */,
				133729342383872000C83027 /* Tutorial.storyboard */,
				42EEE01322F109DD00BE02DC /* HelpViewController.swift */,
				138637D5239EF415007E6108 /* TutorialsViewController.swift */,
			);
			name = Help;
			sourceTree = "<group>";
		};
		13751CA1237265B60014BAD0 /* Utility */ = {
			isa = PBXGroup;
			children = (
				42398AB522938159009CA96E /* ViewController.swift */,
				1B5530DC22BC08CD009C1B65 /* GameDataModel.swift */,
				1391C016230F365E00416516 /* Quotes.swift */,
				421307A822DFCBB90007C445 /* Quests.swift */,
				13A3918E23175B4C00809895 /* Companions.swift */,
				133DA76622FA101C000614A8 /* CircleChart.swift */,
				13201FF52319AECA00BF3A01 /* LineChart.swift */,
			);
			name = Utility;
			sourceTree = "<group>";
		};
		42398AA722938159009CA96E = {
			isa = PBXGroup;
			children = (
				42398AB222938159009CA96E /* TenacityV3 */,
				42398AC62293815A009CA96E /* TenacityV3 WatchKit App */,
				42398AD52293815B009CA96E /* TenacityV3 WatchKit Extension */,
				42398AB122938159009CA96E /* Products */,
				5F867D5A2BED8ED972272BDB /* Pods */,
				009ABF3051EC5DF5C307CB1D /* Frameworks */,
			);
			sourceTree = "<group>";
		};
		42398AB122938159009CA96E /* Products */ = {
			isa = PBXGroup;
			children = (
				42398AB022938159009CA96E /* TenacityV3.app */,
				42398AC22293815A009CA96E /* TenacityV3 WatchKit App.app */,
				42398AD12293815B009CA96E /* TenacityV3 WatchKit Extension.appex */,
			);
			name = Products;
			sourceTree = "<group>";
		};
		42398AB222938159009CA96E /* TenacityV3 */ = {
			isa = PBXGroup;
			children = (
				42398AB322938159009CA96E /* AppDelegate.swift */,
				133DA76A23049AF8000614A8 /* PhoneViewController.swift */,
				42398AB722938159009CA96E /* Main.storyboard */,
				4220938522EBC5B20082834C /* HomeViewController.swift */,
				13751CA1237265B60014BAD0 /* Utility */,
				13751C9D237265220014BAD0 /* Companions */,
				13751C9F237265620014BAD0 /* GameStats */,
				13751C9B237263C40014BAD0 /* Nudges */,
				13751C9C2372644D0014BAD0 /* Cosmetics */,
				13751C9E2372653E0014BAD0 /* GoalSetter */,
				13751CA0237265A50014BAD0 /* Help */,
				42398ABA2293815A009CA96E /* Assets.xcassets */,
				13751C96237262C10014BAD0 /* Achievements.storyboard */,
				421B843C22EFB01E008839C5 /* Pet.swift */,
				1B5530DA22BBFA5E009C1B65 /* RealmManager.swift */,
				42398ABF2293815A009CA96E /* Info.plist */,
				1BE544A022C2995500620EC9 /* GoogleService-Info.plist */,
			);
			path = TenacityV3;
			sourceTree = "<group>";
		};
		42398AC62293815A009CA96E /* TenacityV3 WatchKit App */ = {
			isa = PBXGroup;
			children = (
				42398AC72293815A009CA96E /* Interface.storyboard */,
				1397AFAB234C044300D5073F /* PetInteraction.storyboard */,
				42711E9622A74CBE00AAABDB /* Scheduler.storyboard */,
				42398AFF22938EEA009CA96E /* Breathe.storyboard */,
				42F38A9C229625DD0067ED4D /* FreeBreathe.storyboard */,
				42398B0122938F55009CA96E /* Lotus.storyboard */,
				42398ACA2293815B009CA96E /* Assets.xcassets */,
				42398ACC2293815B009CA96E /* Info.plist */,
			);
			path = "TenacityV3 WatchKit App";
			sourceTree = "<group>";
		};
		42398AD52293815B009CA96E /* TenacityV3 WatchKit Extension */ = {
			isa = PBXGroup;
			children = (
				42398AD62293815B009CA96E /* InterfaceController.swift */,
				1391C014230E156900416516 /* WatchViewController.swift */,
				42398AD82293815B009CA96E /* ExtensionDelegate.swift */,
				42398ADA2293815B009CA96E /* NotificationController.swift */,
				42398AF522938304009CA96E /* BreatheController.swift */,
				42F38A9E2296270C0067ED4D /* FreeBreatheController.swift */,
				42398AF72293832C009CA96E /* LotusController.swift */,
				1397AFAD234C103000D5073F /* PetInteractionController.swift */,
				42711E9822A7517A00AAABDB /* SchedulerController.swift */,
				42398ADC2293815B009CA96E /* Assets.xcassets */,
				42398ADE2293815B009CA96E /* Info.plist */,
				42398ADF2293815B009CA96E /* PushNotificationPayload.apns */,
			);
			path = "TenacityV3 WatchKit Extension";
			sourceTree = "<group>";
		};
		5F867D5A2BED8ED972272BDB /* Pods */ = {
			isa = PBXGroup;
			children = (
				7399F0FEFAE97B70FEEE86B4 /* Pods-TenacityV3.debug.xcconfig */,
				1236F6F0747D4D66CE6E4F10 /* Pods-TenacityV3.release.xcconfig */,
				CD459BB42BC3D0EDDFEFF3DA /* Pods-TenacityV3 WatchKit App.debug.xcconfig */,
				546F6C3F423465F77FE70FE4 /* Pods-TenacityV3 WatchKit App.release.xcconfig */,
				EDE2BEE0C63EB17F5871D326 /* Pods-TenacityV3 WatchKit Extension.debug.xcconfig */,
				6992B54961BF6A58CB35DF08 /* Pods-TenacityV3 WatchKit Extension.release.xcconfig */,
			);
			path = Pods;
			sourceTree = "<group>";
		};
/* End PBXGroup section */

/* Begin PBXNativeTarget section */
		42398AAF22938159009CA96E /* TenacityV3 */ = {
			isa = PBXNativeTarget;
			buildConfigurationList = 42398AEA2293815B009CA96E /* Build configuration list for PBXNativeTarget "TenacityV3" */;
			buildPhases = (
				2007B0E17702A5D3E4A05E7C /* [CP] Check Pods Manifest.lock */,
				42398AAC22938159009CA96E /* Sources */,
				42398AAD22938159009CA96E /* Frameworks */,
				42398AAE22938159009CA96E /* Resources */,
				42398AE92293815B009CA96E /* Embed Watch Content */,
				F6E35003EC3A9C2296DB9372 /* [CP] Embed Pods Frameworks */,
			);
			buildRules = (
			);
			dependencies = (
				42398AC52293815A009CA96E /* PBXTargetDependency */,
			);
			name = TenacityV3;
			productName = TenacityV3;
			productReference = 42398AB022938159009CA96E /* TenacityV3.app */;
			productType = "com.apple.product-type.application";
		};
		42398AC12293815A009CA96E /* TenacityV3 WatchKit App */ = {
			isa = PBXNativeTarget;
			buildConfigurationList = 42398AE62293815B009CA96E /* Build configuration list for PBXNativeTarget "TenacityV3 WatchKit App" */;
			buildPhases = (
				F1CA50089E9BE8079F87AADB /* [CP] Check Pods Manifest.lock */,
				42398AC02293815A009CA96E /* Resources */,
				42398AE52293815B009CA96E /* Embed App Extensions */,
				57079B1C9D11269200340A0D /* Frameworks */,
			);
			buildRules = (
			);
			dependencies = (
				42398AD42293815B009CA96E /* PBXTargetDependency */,
			);
			name = "TenacityV3 WatchKit App";
			productName = "TenacityV3 WatchKit App";
			productReference = 42398AC22293815A009CA96E /* TenacityV3 WatchKit App.app */;
			productType = "com.apple.product-type.application.watchapp2";
		};
		42398AD02293815B009CA96E /* TenacityV3 WatchKit Extension */ = {
			isa = PBXNativeTarget;
			buildConfigurationList = 42398AE22293815B009CA96E /* Build configuration list for PBXNativeTarget "TenacityV3 WatchKit Extension" */;
			buildPhases = (
				F7DDD422C2C5706A61EFADBF /* [CP] Check Pods Manifest.lock */,
				42398ACD2293815B009CA96E /* Sources */,
				42398ACE2293815B009CA96E /* Frameworks */,
				42398ACF2293815B009CA96E /* Resources */,
			);
			buildRules = (
			);
			dependencies = (
			);
			name = "TenacityV3 WatchKit Extension";
			productName = "TenacityV3 WatchKit Extension";
			productReference = 42398AD12293815B009CA96E /* TenacityV3 WatchKit Extension.appex */;
			productType = "com.apple.product-type.watchkit2-extension";
		};
/* End PBXNativeTarget section */

/* Begin PBXProject section */
		42398AA822938159009CA96E /* Project object */ = {
			isa = PBXProject;
			attributes = {
				LastSwiftUpdateCheck = 1020;
				LastUpgradeCheck = 1020;
				ORGANIZATIONNAME = PLL;
				TargetAttributes = {
					42398AAF22938159009CA96E = {
						CreatedOnToolsVersion = 10.2.1;
					};
					42398AC12293815A009CA96E = {
						CreatedOnToolsVersion = 10.2.1;
					};
					42398AD02293815B009CA96E = {
						CreatedOnToolsVersion = 10.2.1;
					};
				};
			};
			buildConfigurationList = 42398AAB22938159009CA96E /* Build configuration list for PBXProject "TenacityV3" */;
			compatibilityVersion = "Xcode 9.3";
			developmentRegion = en;
			hasScannedForEncodings = 0;
			knownRegions = (
				en,
				Base,
			);
			mainGroup = 42398AA722938159009CA96E;
			productRefGroup = 42398AB122938159009CA96E /* Products */;
			projectDirPath = "";
			projectRoot = "";
			targets = (
				42398AAF22938159009CA96E /* TenacityV3 */,
				42398AC12293815A009CA96E /* TenacityV3 WatchKit App */,
				42398AD02293815B009CA96E /* TenacityV3 WatchKit Extension */,
			);
		};
/* End PBXProject section */

/* Begin PBXResourcesBuildPhase section */
		42398AAE22938159009CA96E /* Resources */ = {
			isa = PBXResourcesBuildPhase;
			buildActionMask = 2147483647;
			files = (
				13751C86237245510014BAD0 /* Nudges.storyboard in Resources */,
				1BE544A122C2995500620EC9 /* GoogleService-Info.plist in Resources */,
				13751C97237262C10014BAD0 /* Achievements.storyboard in Resources */,
				4251742022F0D68600A11551 /* Help.storyboard in Resources */,
				13751C92237261E50014BAD0 /* Companions.storyboard in Resources */,
				13751C8823724B900014BAD0 /* GameStats.storyboard in Resources */,
				13A9A9A6236111E7006A4A11 /* GoalSetter.storyboard in Resources */,
				13751C95237262810014BAD0 /* GameCosmetics.storyboard in Resources */,
				42398ABB2293815A009CA96E /* Assets.xcassets in Resources */,
				133729352383872000C83027 /* Tutorial.storyboard in Resources */,
				42398AB922938159009CA96E /* Main.storyboard in Resources */,
			);
			runOnlyForDeploymentPostprocessing = 0;
		};
		42398AC02293815A009CA96E /* Resources */ = {
			isa = PBXResourcesBuildPhase;
			buildActionMask = 2147483647;
			files = (
				42F38A9D229625DD0067ED4D /* FreeBreathe.storyboard in Resources */,
				1397AFAC234C044300D5073F /* PetInteraction.storyboard in Resources */,
				42398B0222938FF5009CA96E /* Lotus.storyboard in Resources */,
				42398ACB2293815B009CA96E /* Assets.xcassets in Resources */,
				42398AC92293815A009CA96E /* Interface.storyboard in Resources */,
				42398B0022938EEA009CA96E /* Breathe.storyboard in Resources */,
				42711E9722A74CBE00AAABDB /* Scheduler.storyboard in Resources */,
			);
			runOnlyForDeploymentPostprocessing = 0;
		};
		42398ACF2293815B009CA96E /* Resources */ = {
			isa = PBXResourcesBuildPhase;
			buildActionMask = 2147483647;
			files = (
				42398ADD2293815B009CA96E /* Assets.xcassets in Resources */,
			);
			runOnlyForDeploymentPostprocessing = 0;
		};
/* End PBXResourcesBuildPhase section */

/* Begin PBXShellScriptBuildPhase section */
		2007B0E17702A5D3E4A05E7C /* [CP] Check Pods Manifest.lock */ = {
			isa = PBXShellScriptBuildPhase;
			buildActionMask = 2147483647;
			files = (
			);
			inputFileListPaths = (
			);
			inputPaths = (
				"${PODS_PODFILE_DIR_PATH}/Podfile.lock",
				"${PODS_ROOT}/Manifest.lock",
			);
			name = "[CP] Check Pods Manifest.lock";
			outputFileListPaths = (
			);
			outputPaths = (
				"$(DERIVED_FILE_DIR)/Pods-TenacityV3-checkManifestLockResult.txt",
			);
			runOnlyForDeploymentPostprocessing = 0;
			shellPath = /bin/sh;
			shellScript = "diff \"${PODS_PODFILE_DIR_PATH}/Podfile.lock\" \"${PODS_ROOT}/Manifest.lock\" > /dev/null\nif [ $? != 0 ] ; then\n    # print error to STDERR\n    echo \"error: The sandbox is not in sync with the Podfile.lock. Run 'pod install' or update your CocoaPods installation.\" >&2\n    exit 1\nfi\n# This output is used by Xcode 'outputs' to avoid re-running this script phase.\necho \"SUCCESS\" > \"${SCRIPT_OUTPUT_FILE_0}\"\n";
			showEnvVarsInLog = 0;
		};
		F1CA50089E9BE8079F87AADB /* [CP] Check Pods Manifest.lock */ = {
			isa = PBXShellScriptBuildPhase;
			buildActionMask = 2147483647;
			files = (
			);
			inputFileListPaths = (
			);
			inputPaths = (
				"${PODS_PODFILE_DIR_PATH}/Podfile.lock",
				"${PODS_ROOT}/Manifest.lock",
			);
			name = "[CP] Check Pods Manifest.lock";
			outputFileListPaths = (
			);
			outputPaths = (
				"$(DERIVED_FILE_DIR)/Pods-TenacityV3 WatchKit App-checkManifestLockResult.txt",
			);
			runOnlyForDeploymentPostprocessing = 0;
			shellPath = /bin/sh;
			shellScript = "diff \"${PODS_PODFILE_DIR_PATH}/Podfile.lock\" \"${PODS_ROOT}/Manifest.lock\" > /dev/null\nif [ $? != 0 ] ; then\n    # print error to STDERR\n    echo \"error: The sandbox is not in sync with the Podfile.lock. Run 'pod install' or update your CocoaPods installation.\" >&2\n    exit 1\nfi\n# This output is used by Xcode 'outputs' to avoid re-running this script phase.\necho \"SUCCESS\" > \"${SCRIPT_OUTPUT_FILE_0}\"\n";
			showEnvVarsInLog = 0;
		};
		F6E35003EC3A9C2296DB9372 /* [CP] Embed Pods Frameworks */ = {
			isa = PBXShellScriptBuildPhase;
			buildActionMask = 2147483647;
			files = (
			);
			inputFileListPaths = (
				"${PODS_ROOT}/Target Support Files/Pods-TenacityV3/Pods-TenacityV3-frameworks-${CONFIGURATION}-input-files.xcfilelist",
			);
			name = "[CP] Embed Pods Frameworks";
			outputFileListPaths = (
				"${PODS_ROOT}/Target Support Files/Pods-TenacityV3/Pods-TenacityV3-frameworks-${CONFIGURATION}-output-files.xcfilelist",
			);
			runOnlyForDeploymentPostprocessing = 0;
			shellPath = /bin/sh;
			shellScript = "\"${PODS_ROOT}/Target Support Files/Pods-TenacityV3/Pods-TenacityV3-frameworks.sh\"\n";
			showEnvVarsInLog = 0;
		};
		F7DDD422C2C5706A61EFADBF /* [CP] Check Pods Manifest.lock */ = {
			isa = PBXShellScriptBuildPhase;
			buildActionMask = 2147483647;
			files = (
			);
			inputFileListPaths = (
			);
			inputPaths = (
				"${PODS_PODFILE_DIR_PATH}/Podfile.lock",
				"${PODS_ROOT}/Manifest.lock",
			);
			name = "[CP] Check Pods Manifest.lock";
			outputFileListPaths = (
			);
			outputPaths = (
				"$(DERIVED_FILE_DIR)/Pods-TenacityV3 WatchKit Extension-checkManifestLockResult.txt",
			);
			runOnlyForDeploymentPostprocessing = 0;
			shellPath = /bin/sh;
			shellScript = "diff \"${PODS_PODFILE_DIR_PATH}/Podfile.lock\" \"${PODS_ROOT}/Manifest.lock\" > /dev/null\nif [ $? != 0 ] ; then\n    # print error to STDERR\n    echo \"error: The sandbox is not in sync with the Podfile.lock. Run 'pod install' or update your CocoaPods installation.\" >&2\n    exit 1\nfi\n# This output is used by Xcode 'outputs' to avoid re-running this script phase.\necho \"SUCCESS\" > \"${SCRIPT_OUTPUT_FILE_0}\"\n";
			showEnvVarsInLog = 0;
		};
/* End PBXShellScriptBuildPhase section */

/* Begin PBXSourcesBuildPhase section */
		42398AAC22938159009CA96E /* Sources */ = {
			isa = PBXSourcesBuildPhase;
			buildActionMask = 2147483647;
			files = (
				13544EAE231A076F00B2D2AB /* NudgesViewController.swift in Sources */,
				133DA76722FA101C000614A8 /* CircleChart.swift in Sources */,
				42EEE01222F105DB00BE02DC /* LotusStatsViewController.swift in Sources */,
				421307A922DFCBB90007C445 /* Quests.swift in Sources */,
				42EEE00E22F105AB00BE02DC /* BreatheFocusStatsViewController.swift in Sources */,
				13201FF62319AECA00BF3A01 /* LineChart.swift in Sources */,
				42398AB622938159009CA96E /* ViewController.swift in Sources */,
				1337293723877C7800C83027 /* ConfirmPopup.swift in Sources */,
				42EEE01422F109DD00BE02DC /* HelpViewController.swift in Sources */,
				1B5530DB22BBFA5E009C1B65 /* RealmManager.swift in Sources */,
				421B843D22EFB01E008839C5 /* Pet.swift in Sources */,
				13A3918F23175B4D00809895 /* Companions.swift in Sources */,
				1391C017230F365E00416516 /* Quotes.swift in Sources */,
				138637D6239EF415007E6108 /* TutorialsViewController.swift in Sources */,
				4220938622EBC5B20082834C /* HomeViewController.swift in Sources */,
				13A9A9A823624FFA006A4A11 /* GoalSetter.swift in Sources */,
				133DA76B23049AF8000614A8 /* PhoneViewController.swift in Sources */,
				42EEE00A22F1056300BE02DC /* CompanionsViewController.swift in Sources */,
				42B7585E22EA92570023B7A7 /* PageController.swift in Sources */,
				1B5530DD22BC08CD009C1B65 /* GameDataModel.swift in Sources */,
				42EEE01022F105C300BE02DC /* BreatheInfiniteStatsViewController.swift in Sources */,
				42EEE00C22F1058100BE02DC /* GameSettingsViewController.swift in Sources */,
				42398AB422938159009CA96E /* AppDelegate.swift in Sources */,
				42711E9B22AF33F400AAABDB /* PhoneScheduler.swift in Sources */,
			);
			runOnlyForDeploymentPostprocessing = 0;
		};
		42398ACD2293815B009CA96E /* Sources */ = {
			isa = PBXSourcesBuildPhase;
			buildActionMask = 2147483647;
			files = (
				42398AFA2293872F009CA96E /* LotusController.swift in Sources */,
				1391C015230E156900416516 /* WatchViewController.swift in Sources */,
				1397AFAE234C103000D5073F /* PetInteractionController.swift in Sources */,
				42398ADB2293815B009CA96E /* NotificationController.swift in Sources */,
				42398AF622938304009CA96E /* BreatheController.swift in Sources */,
				42F38A9F2296270C0067ED4D /* FreeBreatheController.swift in Sources */,
				42398AD92293815B009CA96E /* ExtensionDelegate.swift in Sources */,
				42398AD72293815B009CA96E /* InterfaceController.swift in Sources */,
				42711E9922A7517A00AAABDB /* SchedulerController.swift in Sources */,
			);
			runOnlyForDeploymentPostprocessing = 0;
		};
/* End PBXSourcesBuildPhase section */

/* Begin PBXTargetDependency section */
		42398AC52293815A009CA96E /* PBXTargetDependency */ = {
			isa = PBXTargetDependency;
			target = 42398AC12293815A009CA96E /* TenacityV3 WatchKit App */;
			targetProxy = 42398AC42293815A009CA96E /* PBXContainerItemProxy */;
		};
		42398AD42293815B009CA96E /* PBXTargetDependency */ = {
			isa = PBXTargetDependency;
			target = 42398AD02293815B009CA96E /* TenacityV3 WatchKit Extension */;
			targetProxy = 42398AD32293815B009CA96E /* PBXContainerItemProxy */;
		};
/* End PBXTargetDependency section */

/* Begin PBXVariantGroup section */
		13751C84237245510014BAD0 /* Nudges.storyboard */ = {
			isa = PBXVariantGroup;
			children = (
				13751C85237245510014BAD0 /* Base */,
			);
			name = Nudges.storyboard;
			sourceTree = "<group>";
		};
		13751C93237262810014BAD0 /* GameCosmetics.storyboard */ = {
			isa = PBXVariantGroup;
			children = (
				13751C94237262810014BAD0 /* Base */,
			);
			name = GameCosmetics.storyboard;
			sourceTree = "<group>";
		};
		42398AB722938159009CA96E /* Main.storyboard */ = {
			isa = PBXVariantGroup;
			children = (
				42398AB822938159009CA96E /* Base */,
			);
			name = Main.storyboard;
			sourceTree = "<group>";
		};
		42398AC72293815A009CA96E /* Interface.storyboard */ = {
			isa = PBXVariantGroup;
			children = (
				42398AC82293815A009CA96E /* Base */,
			);
			name = Interface.storyboard;
			sourceTree = "<group>";
		};
/* End PBXVariantGroup section */

/* Begin XCBuildConfiguration section */
		42398AE02293815B009CA96E /* Debug */ = {
			isa = XCBuildConfiguration;
			buildSettings = {
				ALWAYS_SEARCH_USER_PATHS = NO;
				CLANG_ANALYZER_NONNULL = YES;
				CLANG_ANALYZER_NUMBER_OBJECT_CONVERSION = YES_AGGRESSIVE;
				CLANG_CXX_LANGUAGE_STANDARD = "gnu++14";
				CLANG_CXX_LIBRARY = "libc++";
				CLANG_ENABLE_MODULES = YES;
				CLANG_ENABLE_OBJC_ARC = YES;
				CLANG_ENABLE_OBJC_WEAK = YES;
				CLANG_WARN_BLOCK_CAPTURE_AUTORELEASING = YES;
				CLANG_WARN_BOOL_CONVERSION = YES;
				CLANG_WARN_COMMA = YES;
				CLANG_WARN_CONSTANT_CONVERSION = YES;
				CLANG_WARN_DEPRECATED_OBJC_IMPLEMENTATIONS = YES;
				CLANG_WARN_DIRECT_OBJC_ISA_USAGE = YES_ERROR;
				CLANG_WARN_DOCUMENTATION_COMMENTS = YES;
				CLANG_WARN_EMPTY_BODY = YES;
				CLANG_WARN_ENUM_CONVERSION = YES;
				CLANG_WARN_INFINITE_RECURSION = YES;
				CLANG_WARN_INT_CONVERSION = YES;
				CLANG_WARN_NON_LITERAL_NULL_CONVERSION = YES;
				CLANG_WARN_OBJC_IMPLICIT_RETAIN_SELF = YES;
				CLANG_WARN_OBJC_LITERAL_CONVERSION = YES;
				CLANG_WARN_OBJC_ROOT_CLASS = YES_ERROR;
				CLANG_WARN_RANGE_LOOP_ANALYSIS = YES;
				CLANG_WARN_STRICT_PROTOTYPES = YES;
				CLANG_WARN_SUSPICIOUS_MOVE = YES;
				CLANG_WARN_UNGUARDED_AVAILABILITY = YES_AGGRESSIVE;
				CLANG_WARN_UNREACHABLE_CODE = YES;
				CLANG_WARN__DUPLICATE_METHOD_MATCH = YES;
				CODE_SIGN_IDENTITY = "iPhone Developer";
				COPY_PHASE_STRIP = NO;
				DEBUG_INFORMATION_FORMAT = dwarf;
				ENABLE_STRICT_OBJC_MSGSEND = YES;
				ENABLE_TESTABILITY = YES;
				GCC_C_LANGUAGE_STANDARD = gnu11;
				GCC_DYNAMIC_NO_PIC = NO;
				GCC_NO_COMMON_BLOCKS = YES;
				GCC_OPTIMIZATION_LEVEL = 0;
				GCC_PREPROCESSOR_DEFINITIONS = (
					"DEBUG=1",
					"$(inherited)",
				);
				GCC_WARN_64_TO_32_BIT_CONVERSION = YES;
				GCC_WARN_ABOUT_RETURN_TYPE = YES_ERROR;
				GCC_WARN_UNDECLARED_SELECTOR = YES;
				GCC_WARN_UNINITIALIZED_AUTOS = YES_AGGRESSIVE;
				GCC_WARN_UNUSED_FUNCTION = YES;
				GCC_WARN_UNUSED_VARIABLE = YES;
				IPHONEOS_DEPLOYMENT_TARGET = 12.2;
				MTL_ENABLE_DEBUG_INFO = INCLUDE_SOURCE;
				MTL_FAST_MATH = YES;
				ONLY_ACTIVE_ARCH = YES;
				SDKROOT = iphoneos;
				SWIFT_ACTIVE_COMPILATION_CONDITIONS = DEBUG;
				SWIFT_OPTIMIZATION_LEVEL = "-Onone";
			};
			name = Debug;
		};
		42398AE12293815B009CA96E /* Release */ = {
			isa = XCBuildConfiguration;
			buildSettings = {
				ALWAYS_SEARCH_USER_PATHS = NO;
				CLANG_ANALYZER_NONNULL = YES;
				CLANG_ANALYZER_NUMBER_OBJECT_CONVERSION = YES_AGGRESSIVE;
				CLANG_CXX_LANGUAGE_STANDARD = "gnu++14";
				CLANG_CXX_LIBRARY = "libc++";
				CLANG_ENABLE_MODULES = YES;
				CLANG_ENABLE_OBJC_ARC = YES;
				CLANG_ENABLE_OBJC_WEAK = YES;
				CLANG_WARN_BLOCK_CAPTURE_AUTORELEASING = YES;
				CLANG_WARN_BOOL_CONVERSION = YES;
				CLANG_WARN_COMMA = YES;
				CLANG_WARN_CONSTANT_CONVERSION = YES;
				CLANG_WARN_DEPRECATED_OBJC_IMPLEMENTATIONS = YES;
				CLANG_WARN_DIRECT_OBJC_ISA_USAGE = YES_ERROR;
				CLANG_WARN_DOCUMENTATION_COMMENTS = YES;
				CLANG_WARN_EMPTY_BODY = YES;
				CLANG_WARN_ENUM_CONVERSION = YES;
				CLANG_WARN_INFINITE_RECURSION = YES;
				CLANG_WARN_INT_CONVERSION = YES;
				CLANG_WARN_NON_LITERAL_NULL_CONVERSION = YES;
				CLANG_WARN_OBJC_IMPLICIT_RETAIN_SELF = YES;
				CLANG_WARN_OBJC_LITERAL_CONVERSION = YES;
				CLANG_WARN_OBJC_ROOT_CLASS = YES_ERROR;
				CLANG_WARN_RANGE_LOOP_ANALYSIS = YES;
				CLANG_WARN_STRICT_PROTOTYPES = YES;
				CLANG_WARN_SUSPICIOUS_MOVE = YES;
				CLANG_WARN_UNGUARDED_AVAILABILITY = YES_AGGRESSIVE;
				CLANG_WARN_UNREACHABLE_CODE = YES;
				CLANG_WARN__DUPLICATE_METHOD_MATCH = YES;
				CODE_SIGN_IDENTITY = "iPhone Developer";
				COPY_PHASE_STRIP = NO;
				DEBUG_INFORMATION_FORMAT = "dwarf-with-dsym";
				ENABLE_NS_ASSERTIONS = NO;
				ENABLE_STRICT_OBJC_MSGSEND = YES;
				GCC_C_LANGUAGE_STANDARD = gnu11;
				GCC_NO_COMMON_BLOCKS = YES;
				GCC_WARN_64_TO_32_BIT_CONVERSION = YES;
				GCC_WARN_ABOUT_RETURN_TYPE = YES_ERROR;
				GCC_WARN_UNDECLARED_SELECTOR = YES;
				GCC_WARN_UNINITIALIZED_AUTOS = YES_AGGRESSIVE;
				GCC_WARN_UNUSED_FUNCTION = YES;
				GCC_WARN_UNUSED_VARIABLE = YES;
				IPHONEOS_DEPLOYMENT_TARGET = 12.2;
				MTL_ENABLE_DEBUG_INFO = NO;
				MTL_FAST_MATH = YES;
				SDKROOT = iphoneos;
				SWIFT_COMPILATION_MODE = wholemodule;
				SWIFT_OPTIMIZATION_LEVEL = "-O";
				VALIDATE_PRODUCT = YES;
			};
			name = Release;
		};
		42398AE32293815B009CA96E /* Debug */ = {
			isa = XCBuildConfiguration;
			baseConfigurationReference = EDE2BEE0C63EB17F5871D326 /* Pods-TenacityV3 WatchKit Extension.debug.xcconfig */;
			buildSettings = {
				ASSETCATALOG_COMPILER_COMPLICATION_NAME = Complication;
				CODE_SIGN_STYLE = Automatic;
				DEVELOPMENT_TEAM = J2VV3665LJ;
				INFOPLIST_FILE = "TenacityV3 WatchKit Extension/Info.plist";
				LD_RUNPATH_SEARCH_PATHS = (
					"$(inherited)",
					"@executable_path/Frameworks",
					"@executable_path/../../Frameworks",
				);
				MARKETING_VERSION = 3.0;
				PRODUCT_BUNDLE_IDENTIFIER = PLL.TenacityV3.watchkitapp.watchkitextension;
				PRODUCT_NAME = "${TARGET_NAME}";
				SDKROOT = watchos;
				SKIP_INSTALL = YES;
				SWIFT_VERSION = 5.0;
				TARGETED_DEVICE_FAMILY = 4;
				WATCHOS_DEPLOYMENT_TARGET = 5.0;
			};
			name = Debug;
		};
		42398AE42293815B009CA96E /* Release */ = {
			isa = XCBuildConfiguration;
			baseConfigurationReference = 6992B54961BF6A58CB35DF08 /* Pods-TenacityV3 WatchKit Extension.release.xcconfig */;
			buildSettings = {
				ASSETCATALOG_COMPILER_COMPLICATION_NAME = Complication;
				CODE_SIGN_STYLE = Automatic;
				DEVELOPMENT_TEAM = J2VV3665LJ;
				INFOPLIST_FILE = "TenacityV3 WatchKit Extension/Info.plist";
				LD_RUNPATH_SEARCH_PATHS = (
					"$(inherited)",
					"@executable_path/Frameworks",
					"@executable_path/../../Frameworks",
				);
				MARKETING_VERSION = 3.0;
				PRODUCT_BUNDLE_IDENTIFIER = PLL.TenacityV3.watchkitapp.watchkitextension;
				PRODUCT_NAME = "${TARGET_NAME}";
				SDKROOT = watchos;
				SKIP_INSTALL = YES;
				SWIFT_VERSION = 5.0;
				TARGETED_DEVICE_FAMILY = 4;
				WATCHOS_DEPLOYMENT_TARGET = 5.0;
			};
			name = Release;
		};
		42398AE72293815B009CA96E /* Debug */ = {
			isa = XCBuildConfiguration;
			baseConfigurationReference = CD459BB42BC3D0EDDFEFF3DA /* Pods-TenacityV3 WatchKit App.debug.xcconfig */;
			buildSettings = {
				ALWAYS_EMBED_SWIFT_STANDARD_LIBRARIES = YES;
				ASSETCATALOG_COMPILER_APPICON_NAME = AppIcon;
				CODE_SIGN_STYLE = Automatic;
				DEVELOPMENT_TEAM = J2VV3665LJ;
				IBSC_MODULE = TenacityV3_WatchKit_Extension;
				INFOPLIST_FILE = "TenacityV3 WatchKit App/Info.plist";
				MARKETING_VERSION = 3.0;
				PRODUCT_BUNDLE_IDENTIFIER = PLL.TenacityV3.watchkitapp;
				PRODUCT_NAME = "$(TARGET_NAME)";
				SDKROOT = watchos;
				SKIP_INSTALL = YES;
				SWIFT_VERSION = 5.0;
				TARGETED_DEVICE_FAMILY = 4;
				WATCHOS_DEPLOYMENT_TARGET = 5.0;
			};
			name = Debug;
		};
		42398AE82293815B009CA96E /* Release */ = {
			isa = XCBuildConfiguration;
			baseConfigurationReference = 546F6C3F423465F77FE70FE4 /* Pods-TenacityV3 WatchKit App.release.xcconfig */;
			buildSettings = {
				ALWAYS_EMBED_SWIFT_STANDARD_LIBRARIES = YES;
				ASSETCATALOG_COMPILER_APPICON_NAME = AppIcon;
				CODE_SIGN_STYLE = Automatic;
				DEVELOPMENT_TEAM = J2VV3665LJ;
				IBSC_MODULE = TenacityV3_WatchKit_Extension;
				INFOPLIST_FILE = "TenacityV3 WatchKit App/Info.plist";
				MARKETING_VERSION = 3.0;
				PRODUCT_BUNDLE_IDENTIFIER = PLL.TenacityV3.watchkitapp;
				PRODUCT_NAME = "$(TARGET_NAME)";
				SDKROOT = watchos;
				SKIP_INSTALL = YES;
				SWIFT_VERSION = 5.0;
				TARGETED_DEVICE_FAMILY = 4;
				WATCHOS_DEPLOYMENT_TARGET = 5.0;
			};
			name = Release;
		};
		42398AEB2293815B009CA96E /* Debug */ = {
			isa = XCBuildConfiguration;
			baseConfigurationReference = 7399F0FEFAE97B70FEEE86B4 /* Pods-TenacityV3.debug.xcconfig */;
			buildSettings = {
				ASSETCATALOG_COMPILER_APPICON_NAME = AppIcon;
				CODE_SIGN_STYLE = Automatic;
				DEVELOPMENT_TEAM = J2VV3665LJ;
				INFOPLIST_FILE = TenacityV3/Info.plist;
				IPHONEOS_DEPLOYMENT_TARGET = 11.0;
				LD_RUNPATH_SEARCH_PATHS = (
					"$(inherited)",
					"@executable_path/Frameworks",
				);
				MARKETING_VERSION = 3.0;
				PRODUCT_BUNDLE_IDENTIFIER = PLL.TenacityV3;
				PRODUCT_NAME = "$(TARGET_NAME)";
				SWIFT_VERSION = 5.0;
				TARGETED_DEVICE_FAMILY = "1,2";
			};
			name = Debug;
		};
		42398AEC2293815B009CA96E /* Release */ = {
			isa = XCBuildConfiguration;
			baseConfigurationReference = 1236F6F0747D4D66CE6E4F10 /* Pods-TenacityV3.release.xcconfig */;
			buildSettings = {
				ASSETCATALOG_COMPILER_APPICON_NAME = AppIcon;
				CODE_SIGN_STYLE = Automatic;
				DEVELOPMENT_TEAM = J2VV3665LJ;
				INFOPLIST_FILE = TenacityV3/Info.plist;
				IPHONEOS_DEPLOYMENT_TARGET = 11.0;
				LD_RUNPATH_SEARCH_PATHS = (
					"$(inherited)",
					"@executable_path/Frameworks",
				);
				MARKETING_VERSION = 3.0;
				PRODUCT_BUNDLE_IDENTIFIER = PLL.TenacityV3;
				PRODUCT_NAME = "$(TARGET_NAME)";
				SWIFT_VERSION = 5.0;
				TARGETED_DEVICE_FAMILY = "1,2";
			};
			name = Release;
		};
/* End XCBuildConfiguration section */

/* Begin XCConfigurationList section */
		42398AAB22938159009CA96E /* Build configuration list for PBXProject "TenacityV3" */ = {
			isa = XCConfigurationList;
			buildConfigurations = (
				42398AE02293815B009CA96E /* Debug */,
				42398AE12293815B009CA96E /* Release */,
			);
			defaultConfigurationIsVisible = 0;
			defaultConfigurationName = Release;
		};
		42398AE22293815B009CA96E /* Build configuration list for PBXNativeTarget "TenacityV3 WatchKit Extension" */ = {
			isa = XCConfigurationList;
			buildConfigurations = (
				42398AE32293815B009CA96E /* Debug */,
				42398AE42293815B009CA96E /* Release */,
			);
			defaultConfigurationIsVisible = 0;
			defaultConfigurationName = Release;
		};
		42398AE62293815B009CA96E /* Build configuration list for PBXNativeTarget "TenacityV3 WatchKit App" */ = {
			isa = XCConfigurationList;
			buildConfigurations = (
				42398AE72293815B009CA96E /* Debug */,
				42398AE82293815B009CA96E /* Release */,
			);
			defaultConfigurationIsVisible = 0;
			defaultConfigurationName = Release;
		};
		42398AEA2293815B009CA96E /* Build configuration list for PBXNativeTarget "TenacityV3" */ = {
			isa = XCConfigurationList;
			buildConfigurations = (
				42398AEB2293815B009CA96E /* Debug */,
				42398AEC2293815B009CA96E /* Release */,
			);
			defaultConfigurationIsVisible = 0;
			defaultConfigurationName = Release;
		};
/* End XCConfigurationList section */
	};
	rootObject = 42398AA822938159009CA96E /* Project object */;
}
