// !$*UTF8*$!
{
	archiveVersion = 1;
	classes = {
	};
	objectVersion = 50;
	objects = {

/* Begin PBXBuildFile section */
		420C82692138971100CC43DE /* RoutineInterfaceController.swift in Sources */ = {isa = PBXBuildFile; fileRef = 420C82672138965700CC43DE /* RoutineInterfaceController.swift */; };
		42110B5E210A767B00E43031 /* AppDelegate.swift in Sources */ = {isa = PBXBuildFile; fileRef = 42110B5D210A767B00E43031 /* AppDelegate.swift */; };
		42110B60210A767B00E43031 /* ViewController.swift in Sources */ = {isa = PBXBuildFile; fileRef = 42110B5F210A767B00E43031 /* ViewController.swift */; };
		42110B63210A767B00E43031 /* Main.storyboard in Resources */ = {isa = PBXBuildFile; fileRef = 42110B61210A767B00E43031 /* Main.storyboard */; };
		42110B65210A768900E43031 /* Assets.xcassets in Resources */ = {isa = PBXBuildFile; fileRef = 42110B64210A768900E43031 /* Assets.xcassets */; };
		42110B68210A768900E43031 /* LaunchScreen.storyboard in Resources */ = {isa = PBXBuildFile; fileRef = 42110B66210A768900E43031 /* LaunchScreen.storyboard */; };
		42110B73210A768900E43031 /* TenacityTests.swift in Sources */ = {isa = PBXBuildFile; fileRef = 42110B72210A768900E43031 /* TenacityTests.swift */; };
		42110B7E210A768900E43031 /* TenacityUITests.swift in Sources */ = {isa = PBXBuildFile; fileRef = 42110B7D210A768900E43031 /* TenacityUITests.swift */; };
		42110B91210A775000E43031 /* Interface.storyboard in Resources */ = {isa = PBXBuildFile; fileRef = 42110B8F210A775000E43031 /* Interface.storyboard */; };
		42110B93210A775200E43031 /* Assets.xcassets in Resources */ = {isa = PBXBuildFile; fileRef = 42110B92210A775200E43031 /* Assets.xcassets */; };
		42110B9A210A775200E43031 /* Tenacity_Watch Extension.appex in Embed App Extensions */ = {isa = PBXBuildFile; fileRef = 42110B99210A775200E43031 /* Tenacity_Watch Extension.appex */; settings = {ATTRIBUTES = (RemoveHeadersOnCopy, ); }; };
		42110B9F210A775200E43031 /* InterfaceController.swift in Sources */ = {isa = PBXBuildFile; fileRef = 42110B9E210A775200E43031 /* InterfaceController.swift */; };
		42110BA1210A775200E43031 /* ExtensionDelegate.swift in Sources */ = {isa = PBXBuildFile; fileRef = 42110BA0210A775200E43031 /* ExtensionDelegate.swift */; };
		42110BA3210A775200E43031 /* NotificationController.swift in Sources */ = {isa = PBXBuildFile; fileRef = 42110BA2210A775200E43031 /* NotificationController.swift */; };
		42110BA5210A775300E43031 /* Assets.xcassets in Resources */ = {isa = PBXBuildFile; fileRef = 42110BA4210A775300E43031 /* Assets.xcassets */; };
		42110BAA210A775300E43031 /* Tenacity_Watch.app in Embed Watch Content */ = {isa = PBXBuildFile; fileRef = 42110B8D210A775000E43031 /* Tenacity_Watch.app */; };
/* End PBXBuildFile section */

/* Begin PBXContainerItemProxy section */
		42110B6F210A768900E43031 /* PBXContainerItemProxy */ = {
			isa = PBXContainerItemProxy;
			containerPortal = 42110B52210A767B00E43031 /* Project object */;
			proxyType = 1;
			remoteGlobalIDString = 42110B59210A767B00E43031;
			remoteInfo = Tenacity;
		};
		42110B7A210A768900E43031 /* PBXContainerItemProxy */ = {
			isa = PBXContainerItemProxy;
			containerPortal = 42110B52210A767B00E43031 /* Project object */;
			proxyType = 1;
			remoteGlobalIDString = 42110B59210A767B00E43031;
			remoteInfo = Tenacity;
		};
		42110B9B210A775200E43031 /* PBXContainerItemProxy */ = {
			isa = PBXContainerItemProxy;
			containerPortal = 42110B52210A767B00E43031 /* Project object */;
			proxyType = 1;
			remoteGlobalIDString = 42110B98210A775200E43031;
			remoteInfo = "Tenacity_Watch Extension";
		};
		42110BA8210A775300E43031 /* PBXContainerItemProxy */ = {
			isa = PBXContainerItemProxy;
			containerPortal = 42110B52210A767B00E43031 /* Project object */;
			proxyType = 1;
			remoteGlobalIDString = 42110B8C210A775000E43031;
			remoteInfo = Tenacity_Watch;
		};
/* End PBXContainerItemProxy section */

/* Begin PBXCopyFilesBuildPhase section */
		42110BAE210A775300E43031 /* Embed App Extensions */ = {
			isa = PBXCopyFilesBuildPhase;
			buildActionMask = 2147483647;
			dstPath = "";
			dstSubfolderSpec = 13;
			files = (
				42110B9A210A775200E43031 /* Tenacity_Watch Extension.appex in Embed App Extensions */,
			);
			name = "Embed App Extensions";
			runOnlyForDeploymentPostprocessing = 0;
		};
		42110BB2210A775300E43031 /* Embed Watch Content */ = {
			isa = PBXCopyFilesBuildPhase;
			buildActionMask = 2147483647;
			dstPath = "$(CONTENTS_FOLDER_PATH)/Watch";
			dstSubfolderSpec = 16;
			files = (
				42110BAA210A775300E43031 /* Tenacity_Watch.app in Embed Watch Content */,
			);
			name = "Embed Watch Content";
			runOnlyForDeploymentPostprocessing = 0;
		};
/* End PBXCopyFilesBuildPhase section */

/* Begin PBXFileReference section */
		420C82672138965700CC43DE /* RoutineInterfaceController.swift */ = {isa = PBXFileReference; lastKnownFileType = sourcecode.swift; path = RoutineInterfaceController.swift; sourceTree = "<group>"; };
		42110B5A210A767B00E43031 /* Tenacity.app */ = {isa = PBXFileReference; explicitFileType = wrapper.application; includeInIndex = 0; path = Tenacity.app; sourceTree = BUILT_PRODUCTS_DIR; };
		42110B5D210A767B00E43031 /* AppDelegate.swift */ = {isa = PBXFileReference; lastKnownFileType = sourcecode.swift; path = AppDelegate.swift; sourceTree = "<group>"; };
		42110B5F210A767B00E43031 /* ViewController.swift */ = {isa = PBXFileReference; lastKnownFileType = sourcecode.swift; path = ViewController.swift; sourceTree = "<group>"; };
		42110B62210A767B00E43031 /* Base */ = {isa = PBXFileReference; lastKnownFileType = file.storyboard; name = Base; path = Base.lproj/Main.storyboard; sourceTree = "<group>"; };
		42110B64210A768900E43031 /* Assets.xcassets */ = {isa = PBXFileReference; lastKnownFileType = folder.assetcatalog; path = Assets.xcassets; sourceTree = "<group>"; };
		42110B67210A768900E43031 /* Base */ = {isa = PBXFileReference; lastKnownFileType = file.storyboard; name = Base; path = Base.lproj/LaunchScreen.storyboard; sourceTree = "<group>"; };
		42110B69210A768900E43031 /* Info.plist */ = {isa = PBXFileReference; lastKnownFileType = text.plist.xml; path = Info.plist; sourceTree = "<group>"; };
		42110B6E210A768900E43031 /* TenacityTests.xctest */ = {isa = PBXFileReference; explicitFileType = wrapper.cfbundle; includeInIndex = 0; path = TenacityTests.xctest; sourceTree = BUILT_PRODUCTS_DIR; };
		42110B72210A768900E43031 /* TenacityTests.swift */ = {isa = PBXFileReference; lastKnownFileType = sourcecode.swift; path = TenacityTests.swift; sourceTree = "<group>"; };
		42110B74210A768900E43031 /* Info.plist */ = {isa = PBXFileReference; lastKnownFileType = text.plist.xml; path = Info.plist; sourceTree = "<group>"; };
		42110B79210A768900E43031 /* TenacityUITests.xctest */ = {isa = PBXFileReference; explicitFileType = wrapper.cfbundle; includeInIndex = 0; path = TenacityUITests.xctest; sourceTree = BUILT_PRODUCTS_DIR; };
		42110B7D210A768900E43031 /* TenacityUITests.swift */ = {isa = PBXFileReference; lastKnownFileType = sourcecode.swift; path = TenacityUITests.swift; sourceTree = "<group>"; };
		42110B7F210A768900E43031 /* Info.plist */ = {isa = PBXFileReference; lastKnownFileType = text.plist.xml; path = Info.plist; sourceTree = "<group>"; };
		42110B8D210A775000E43031 /* Tenacity_Watch.app */ = {isa = PBXFileReference; explicitFileType = wrapper.application; includeInIndex = 0; path = Tenacity_Watch.app; sourceTree = BUILT_PRODUCTS_DIR; };
		42110B90210A775000E43031 /* Base */ = {isa = PBXFileReference; lastKnownFileType = file.storyboard; name = Base; path = Base.lproj/Interface.storyboard; sourceTree = "<group>"; };
		42110B92210A775200E43031 /* Assets.xcassets */ = {isa = PBXFileReference; lastKnownFileType = folder.assetcatalog; path = Assets.xcassets; sourceTree = "<group>"; };
		42110B94210A775200E43031 /* Info.plist */ = {isa = PBXFileReference; lastKnownFileType = text.plist.xml; path = Info.plist; sourceTree = "<group>"; };
		42110B99210A775200E43031 /* Tenacity_Watch Extension.appex */ = {isa = PBXFileReference; explicitFileType = "wrapper.app-extension"; includeInIndex = 0; path = "Tenacity_Watch Extension.appex"; sourceTree = BUILT_PRODUCTS_DIR; };
		42110B9E210A775200E43031 /* InterfaceController.swift */ = {isa = PBXFileReference; lastKnownFileType = sourcecode.swift; path = InterfaceController.swift; sourceTree = "<group>"; };
		42110BA0210A775200E43031 /* ExtensionDelegate.swift */ = {isa = PBXFileReference; lastKnownFileType = sourcecode.swift; path = ExtensionDelegate.swift; sourceTree = "<group>"; };
		42110BA2210A775200E43031 /* NotificationController.swift */ = {isa = PBXFileReference; lastKnownFileType = sourcecode.swift; path = NotificationController.swift; sourceTree = "<group>"; };
		42110BA4210A775300E43031 /* Assets.xcassets */ = {isa = PBXFileReference; lastKnownFileType = folder.assetcatalog; path = Assets.xcassets; sourceTree = "<group>"; };
		42110BA6210A775300E43031 /* Info.plist */ = {isa = PBXFileReference; lastKnownFileType = text.plist.xml; path = Info.plist; sourceTree = "<group>"; };
		42110BA7210A775300E43031 /* PushNotificationPayload.apns */ = {isa = PBXFileReference; lastKnownFileType = text; path = PushNotificationPayload.apns; sourceTree = "<group>"; };
/* End PBXFileReference section */

/* Begin PBXFrameworksBuildPhase section */
		42110B57210A767B00E43031 /* Frameworks */ = {
			isa = PBXFrameworksBuildPhase;
			buildActionMask = 2147483647;
			files = (
			);
			runOnlyForDeploymentPostprocessing = 0;
		};
		42110B6B210A768900E43031 /* Frameworks */ = {
			isa = PBXFrameworksBuildPhase;
			buildActionMask = 2147483647;
			files = (
			);
			runOnlyForDeploymentPostprocessing = 0;
		};
		42110B76210A768900E43031 /* Frameworks */ = {
			isa = PBXFrameworksBuildPhase;
			buildActionMask = 2147483647;
			files = (
			);
			runOnlyForDeploymentPostprocessing = 0;
		};
		42110B96210A775200E43031 /* Frameworks */ = {
			isa = PBXFrameworksBuildPhase;
			buildActionMask = 2147483647;
			files = (
			);
			runOnlyForDeploymentPostprocessing = 0;
		};
/* End PBXFrameworksBuildPhase section */

/* Begin PBXGroup section */
		42110B51210A767B00E43031 = {
			isa = PBXGroup;
			children = (
				42110B5C210A767B00E43031 /* Tenacity */,
				42110B71210A768900E43031 /* TenacityTests */,
				42110B7C210A768900E43031 /* TenacityUITests */,
				42110B8E210A775000E43031 /* Tenacity_Watch */,
				42110B9D210A775200E43031 /* Tenacity_Watch Extension */,
				42110B5B210A767B00E43031 /* Products */,
			);
			sourceTree = "<group>";
		};
		42110B5B210A767B00E43031 /* Products */ = {
			isa = PBXGroup;
			children = (
				42110B5A210A767B00E43031 /* Tenacity.app */,
				42110B6E210A768900E43031 /* TenacityTests.xctest */,
				42110B79210A768900E43031 /* TenacityUITests.xctest */,
				42110B8D210A775000E43031 /* Tenacity_Watch.app */,
				42110B99210A775200E43031 /* Tenacity_Watch Extension.appex */,
			);
			name = Products;
			sourceTree = "<group>";
		};
		42110B5C210A767B00E43031 /* Tenacity */ = {
			isa = PBXGroup;
			children = (
				42110B5D210A767B00E43031 /* AppDelegate.swift */,
				42110B5F210A767B00E43031 /* ViewController.swift */,
				42110B61210A767B00E43031 /* Main.storyboard */,
				42110B64210A768900E43031 /* Assets.xcassets */,
				42110B66210A768900E43031 /* LaunchScreen.storyboard */,
				42110B69210A768900E43031 /* Info.plist */,
			);
			path = Tenacity;
			sourceTree = "<group>";
		};
		42110B71210A768900E43031 /* TenacityTests */ = {
			isa = PBXGroup;
			children = (
				42110B72210A768900E43031 /* TenacityTests.swift */,
				42110B74210A768900E43031 /* Info.plist */,
			);
			path = TenacityTests;
			sourceTree = "<group>";
		};
		42110B7C210A768900E43031 /* TenacityUITests */ = {
			isa = PBXGroup;
			children = (
				42110B7D210A768900E43031 /* TenacityUITests.swift */,
				42110B7F210A768900E43031 /* Info.plist */,
			);
			path = TenacityUITests;
			sourceTree = "<group>";
		};
		42110B8E210A775000E43031 /* Tenacity_Watch */ = {
			isa = PBXGroup;
			children = (
				42110B8F210A775000E43031 /* Interface.storyboard */,
				42110B92210A775200E43031 /* Assets.xcassets */,
				42110B94210A775200E43031 /* Info.plist */,
			);
			path = Tenacity_Watch;
			sourceTree = "<group>";
		};
		42110B9D210A775200E43031 /* Tenacity_Watch Extension */ = {
			isa = PBXGroup;
			children = (
				420C82672138965700CC43DE /* RoutineInterfaceController.swift */,
				42110B9E210A775200E43031 /* InterfaceController.swift */,
				42110BA0210A775200E43031 /* ExtensionDelegate.swift */,
				42110BA2210A775200E43031 /* NotificationController.swift */,
				42110BA4210A775300E43031 /* Assets.xcassets */,
				42110BA6210A775300E43031 /* Info.plist */,
				42110BA7210A775300E43031 /* PushNotificationPayload.apns */,
			);
			path = "Tenacity_Watch Extension";
			sourceTree = "<group>";
		};
/* End PBXGroup section */

/* Begin PBXNativeTarget section */
		42110B59210A767B00E43031 /* Tenacity */ = {
			isa = PBXNativeTarget;
			buildConfigurationList = 42110B82210A768900E43031 /* Build configuration list for PBXNativeTarget "Tenacity" */;
			buildPhases = (
				42110B56210A767B00E43031 /* Sources */,
				42110B57210A767B00E43031 /* Frameworks */,
				42110B58210A767B00E43031 /* Resources */,
				42110BB2210A775300E43031 /* Embed Watch Content */,
			);
			buildRules = (
			);
			dependencies = (
				42110BA9210A775300E43031 /* PBXTargetDependency */,
			);
			name = Tenacity;
			productName = Tenacity;
			productReference = 42110B5A210A767B00E43031 /* Tenacity.app */;
			productType = "com.apple.product-type.application";
		};
		42110B6D210A768900E43031 /* TenacityTests */ = {
			isa = PBXNativeTarget;
			buildConfigurationList = 42110B85210A768900E43031 /* Build configuration list for PBXNativeTarget "TenacityTests" */;
			buildPhases = (
				42110B6A210A768900E43031 /* Sources */,
				42110B6B210A768900E43031 /* Frameworks */,
				42110B6C210A768900E43031 /* Resources */,
			);
			buildRules = (
			);
			dependencies = (
				42110B70210A768900E43031 /* PBXTargetDependency */,
			);
			name = TenacityTests;
			productName = TenacityTests;
			productReference = 42110B6E210A768900E43031 /* TenacityTests.xctest */;
			productType = "com.apple.product-type.bundle.unit-test";
		};
		42110B78210A768900E43031 /* TenacityUITests */ = {
			isa = PBXNativeTarget;
			buildConfigurationList = 42110B88210A768900E43031 /* Build configuration list for PBXNativeTarget "TenacityUITests" */;
			buildPhases = (
				42110B75210A768900E43031 /* Sources */,
				42110B76210A768900E43031 /* Frameworks */,
				42110B77210A768900E43031 /* Resources */,
			);
			buildRules = (
			);
			dependencies = (
				42110B7B210A768900E43031 /* PBXTargetDependency */,
			);
			name = TenacityUITests;
			productName = TenacityUITests;
			productReference = 42110B79210A768900E43031 /* TenacityUITests.xctest */;
			productType = "com.apple.product-type.bundle.ui-testing";
		};
		42110B8C210A775000E43031 /* Tenacity_Watch */ = {
			isa = PBXNativeTarget;
			buildConfigurationList = 42110BAF210A775300E43031 /* Build configuration list for PBXNativeTarget "Tenacity_Watch" */;
			buildPhases = (
				42110B8B210A775000E43031 /* Resources */,
				42110BAE210A775300E43031 /* Embed App Extensions */,
			);
			buildRules = (
			);
			dependencies = (
				42110B9C210A775200E43031 /* PBXTargetDependency */,
			);
			name = Tenacity_Watch;
			productName = Tenacity_Watch;
			productReference = 42110B8D210A775000E43031 /* Tenacity_Watch.app */;
			productType = "com.apple.product-type.application.watchapp2";
		};
		42110B98210A775200E43031 /* Tenacity_Watch Extension */ = {
			isa = PBXNativeTarget;
			buildConfigurationList = 42110BAB210A775300E43031 /* Build configuration list for PBXNativeTarget "Tenacity_Watch Extension" */;
			buildPhases = (
				42110B95210A775200E43031 /* Sources */,
				42110B96210A775200E43031 /* Frameworks */,
				42110B97210A775200E43031 /* Resources */,
			);
			buildRules = (
			);
			dependencies = (
			);
			name = "Tenacity_Watch Extension";
			productName = "Tenacity_Watch Extension";
			productReference = 42110B99210A775200E43031 /* Tenacity_Watch Extension.appex */;
			productType = "com.apple.product-type.watchkit2-extension";
		};
/* End PBXNativeTarget section */

/* Begin PBXProject section */
		42110B52210A767B00E43031 /* Project object */ = {
			isa = PBXProject;
			attributes = {
				LastSwiftUpdateCheck = 0940;
				LastUpgradeCheck = 0940;
				ORGANIZATIONNAME = PLL;
				TargetAttributes = {
					42110B59210A767B00E43031 = {
						CreatedOnToolsVersion = 9.4.1;
					};
					42110B6D210A768900E43031 = {
						CreatedOnToolsVersion = 9.4.1;
						TestTargetID = 42110B59210A767B00E43031;
					};
					42110B78210A768900E43031 = {
						CreatedOnToolsVersion = 9.4.1;
						TestTargetID = 42110B59210A767B00E43031;
					};
					42110B8C210A775000E43031 = {
						CreatedOnToolsVersion = 9.4.1;
					};
					42110B98210A775200E43031 = {
						CreatedOnToolsVersion = 9.4.1;
					};
				};
			};
			buildConfigurationList = 42110B55210A767B00E43031 /* Build configuration list for PBXProject "Tenacity" */;
			compatibilityVersion = "Xcode 9.3";
			developmentRegion = en;
			hasScannedForEncodings = 0;
			knownRegions = (
				en,
				Base,
			);
			mainGroup = 42110B51210A767B00E43031;
			productRefGroup = 42110B5B210A767B00E43031 /* Products */;
			projectDirPath = "";
			projectRoot = "";
			targets = (
				42110B59210A767B00E43031 /* Tenacity */,
				42110B6D210A768900E43031 /* TenacityTests */,
				42110B78210A768900E43031 /* TenacityUITests */,
				42110B8C210A775000E43031 /* Tenacity_Watch */,
				42110B98210A775200E43031 /* Tenacity_Watch Extension */,
			);
		};
/* End PBXProject section */

/* Begin PBXResourcesBuildPhase section */
		42110B58210A767B00E43031 /* Resources */ = {
			isa = PBXResourcesBuildPhase;
			buildActionMask = 2147483647;
			files = (
				42110B68210A768900E43031 /* LaunchScreen.storyboard in Resources */,
				42110B65210A768900E43031 /* Assets.xcassets in Resources */,
				42110B63210A767B00E43031 /* Main.storyboard in Resources */,
			);
			runOnlyForDeploymentPostprocessing = 0;
		};
		42110B6C210A768900E43031 /* Resources */ = {
			isa = PBXResourcesBuildPhase;
			buildActionMask = 2147483647;
			files = (
			);
			runOnlyForDeploymentPostprocessing = 0;
		};
		42110B77210A768900E43031 /* Resources */ = {
			isa = PBXResourcesBuildPhase;
			buildActionMask = 2147483647;
			files = (
			);
			runOnlyForDeploymentPostprocessing = 0;
		};
		42110B8B210A775000E43031 /* Resources */ = {
			isa = PBXResourcesBuildPhase;
			buildActionMask = 2147483647;
			files = (
				42110B93210A775200E43031 /* Assets.xcassets in Resources */,
				42110B91210A775000E43031 /* Interface.storyboard in Resources */,
			);
			runOnlyForDeploymentPostprocessing = 0;
		};
		42110B97210A775200E43031 /* Resources */ = {
			isa = PBXResourcesBuildPhase;
			buildActionMask = 2147483647;
			files = (
				42110BA5210A775300E43031 /* Assets.xcassets in Resources */,
			);
			runOnlyForDeploymentPostprocessing = 0;
		};
/* End PBXResourcesBuildPhase section */

/* Begin PBXSourcesBuildPhase section */
		42110B56210A767B00E43031 /* Sources */ = {
			isa = PBXSourcesBuildPhase;
			buildActionMask = 2147483647;
			files = (
				42110B60210A767B00E43031 /* ViewController.swift in Sources */,
				42110B5E210A767B00E43031 /* AppDelegate.swift in Sources */,
			);
			runOnlyForDeploymentPostprocessing = 0;
		};
		42110B6A210A768900E43031 /* Sources */ = {
			isa = PBXSourcesBuildPhase;
			buildActionMask = 2147483647;
			files = (
				42110B73210A768900E43031 /* TenacityTests.swift in Sources */,
			);
			runOnlyForDeploymentPostprocessing = 0;
		};
		42110B75210A768900E43031 /* Sources */ = {
			isa = PBXSourcesBuildPhase;
			buildActionMask = 2147483647;
			files = (
				42110B7E210A768900E43031 /* TenacityUITests.swift in Sources */,
			);
			runOnlyForDeploymentPostprocessing = 0;
		};
		42110B95210A775200E43031 /* Sources */ = {
			isa = PBXSourcesBuildPhase;
			buildActionMask = 2147483647;
			files = (
				420C82692138971100CC43DE /* RoutineInterfaceController.swift in Sources */,
				42110BA3210A775200E43031 /* NotificationController.swift in Sources */,
				42110BA1210A775200E43031 /* ExtensionDelegate.swift in Sources */,
				42110B9F210A775200E43031 /* InterfaceController.swift in Sources */,
			);
			runOnlyForDeploymentPostprocessing = 0;
		};
/* End PBXSourcesBuildPhase section */

/* Begin PBXTargetDependency section */
		42110B70210A768900E43031 /* PBXTargetDependency */ = {
			isa = PBXTargetDependency;
			target = 42110B59210A767B00E43031 /* Tenacity */;
			targetProxy = 42110B6F210A768900E43031 /* PBXContainerItemProxy */;
		};
		42110B7B210A768900E43031 /* PBXTargetDependency */ = {
			isa = PBXTargetDependency;
			target = 42110B59210A767B00E43031 /* Tenacity */;
			targetProxy = 42110B7A210A768900E43031 /* PBXContainerItemProxy */;
		};
		42110B9C210A775200E43031 /* PBXTargetDependency */ = {
			isa = PBXTargetDependency;
			target = 42110B98210A775200E43031 /* Tenacity_Watch Extension */;
			targetProxy = 42110B9B210A775200E43031 /* PBXContainerItemProxy */;
		};
		42110BA9210A775300E43031 /* PBXTargetDependency */ = {
			isa = PBXTargetDependency;
			target = 42110B8C210A775000E43031 /* Tenacity_Watch */;
			targetProxy = 42110BA8210A775300E43031 /* PBXContainerItemProxy */;
		};
/* End PBXTargetDependency section */

/* Begin PBXVariantGroup section */
		42110B61210A767B00E43031 /* Main.storyboard */ = {
			isa = PBXVariantGroup;
			children = (
				42110B62210A767B00E43031 /* Base */,
			);
			name = Main.storyboard;
			sourceTree = "<group>";
		};
		42110B66210A768900E43031 /* LaunchScreen.storyboard */ = {
			isa = PBXVariantGroup;
			children = (
				42110B67210A768900E43031 /* Base */,
			);
			name = LaunchScreen.storyboard;
			sourceTree = "<group>";
		};
		42110B8F210A775000E43031 /* Interface.storyboard */ = {
			isa = PBXVariantGroup;
			children = (
				42110B90210A775000E43031 /* Base */,
			);
			name = Interface.storyboard;
			sourceTree = "<group>";
		};
/* End PBXVariantGroup section */

/* Begin XCBuildConfiguration section */
		42110B80210A768900E43031 /* Debug */ = {
			isa = XCBuildConfiguration;
			buildSettings = {
				ALWAYS_SEARCH_USER_PATHS = NO;
				CLANG_ANALYZER_NONNULL = YES;
				CLANG_ANALYZER_NUMBER_OBJECT_CONVERSION = YES_AGGRESSIVE;
				CLANG_CXX_LANGUAGE_STANDARD = "gnu++14";
				CLANG_CXX_LIBRARY = "libc++";
				CLANG_ENABLE_MODULES = YES;
				CLANG_ENABLE_OBJC_ARC = YES;
				CLANG_ENABLE_OBJC_WEAK = YES;
				CLANG_WARN_BLOCK_CAPTURE_AUTORELEASING = YES;
				CLANG_WARN_BOOL_CONVERSION = YES;
				CLANG_WARN_COMMA = YES;
				CLANG_WARN_CONSTANT_CONVERSION = YES;
				CLANG_WARN_DEPRECATED_OBJC_IMPLEMENTATIONS = YES;
				CLANG_WARN_DIRECT_OBJC_ISA_USAGE = YES_ERROR;
				CLANG_WARN_DOCUMENTATION_COMMENTS = YES;
				CLANG_WARN_EMPTY_BODY = YES;
				CLANG_WARN_ENUM_CONVERSION = YES;
				CLANG_WARN_INFINITE_RECURSION = YES;
				CLANG_WARN_INT_CONVERSION = YES;
				CLANG_WARN_NON_LITERAL_NULL_CONVERSION = YES;
				CLANG_WARN_OBJC_IMPLICIT_RETAIN_SELF = YES;
				CLANG_WARN_OBJC_LITERAL_CONVERSION = YES;
				CLANG_WARN_OBJC_ROOT_CLASS = YES_ERROR;
				CLANG_WARN_RANGE_LOOP_ANALYSIS = YES;
				CLANG_WARN_STRICT_PROTOTYPES = YES;
				CLANG_WARN_SUSPICIOUS_MOVE = YES;
				CLANG_WARN_UNGUARDED_AVAILABILITY = YES_AGGRESSIVE;
				CLANG_WARN_UNREACHABLE_CODE = YES;
				CLANG_WARN__DUPLICATE_METHOD_MATCH = YES;
				CODE_SIGN_IDENTITY = "iPhone Developer";
				COPY_PHASE_STRIP = NO;
				DEBUG_INFORMATION_FORMAT = dwarf;
				ENABLE_STRICT_OBJC_MSGSEND = YES;
				ENABLE_TESTABILITY = YES;
				GCC_C_LANGUAGE_STANDARD = gnu11;
				GCC_DYNAMIC_NO_PIC = NO;
				GCC_NO_COMMON_BLOCKS = YES;
				GCC_OPTIMIZATION_LEVEL = 0;
				GCC_PREPROCESSOR_DEFINITIONS = (
					"DEBUG=1",
					"$(inherited)",
				);
				GCC_WARN_64_TO_32_BIT_CONVERSION = YES;
				GCC_WARN_ABOUT_RETURN_TYPE = YES_ERROR;
				GCC_WARN_UNDECLARED_SELECTOR = YES;
				GCC_WARN_UNINITIALIZED_AUTOS = YES_AGGRESSIVE;
				GCC_WARN_UNUSED_FUNCTION = YES;
				GCC_WARN_UNUSED_VARIABLE = YES;
				IPHONEOS_DEPLOYMENT_TARGET = 11.4;
				MTL_ENABLE_DEBUG_INFO = YES;
				ONLY_ACTIVE_ARCH = YES;
				SDKROOT = iphoneos;
				SWIFT_ACTIVE_COMPILATION_CONDITIONS = DEBUG;
				SWIFT_OPTIMIZATION_LEVEL = "-Onone";
			};
			name = Debug;
		};
		42110B81210A768900E43031 /* Release */ = {
			isa = XCBuildConfiguration;
			buildSettings = {
				ALWAYS_SEARCH_USER_PATHS = NO;
				CLANG_ANALYZER_NONNULL = YES;
				CLANG_ANALYZER_NUMBER_OBJECT_CONVERSION = YES_AGGRESSIVE;
				CLANG_CXX_LANGUAGE_STANDARD = "gnu++14";
				CLANG_CXX_LIBRARY = "libc++";
				CLANG_ENABLE_MODULES = YES;
				CLANG_ENABLE_OBJC_ARC = YES;
				CLANG_ENABLE_OBJC_WEAK = YES;
				CLANG_WARN_BLOCK_CAPTURE_AUTORELEASING = YES;
				CLANG_WARN_BOOL_CONVERSION = YES;
				CLANG_WARN_COMMA = YES;
				CLANG_WARN_CONSTANT_CONVERSION = YES;
				CLANG_WARN_DEPRECATED_OBJC_IMPLEMENTATIONS = YES;
				CLANG_WARN_DIRECT_OBJC_ISA_USAGE = YES_ERROR;
				CLANG_WARN_DOCUMENTATION_COMMENTS = YES;
				CLANG_WARN_EMPTY_BODY = YES;
				CLANG_WARN_ENUM_CONVERSION = YES;
				CLANG_WARN_INFINITE_RECURSION = YES;
				CLANG_WARN_INT_CONVERSION = YES;
				CLANG_WARN_NON_LITERAL_NULL_CONVERSION = YES;
				CLANG_WARN_OBJC_IMPLICIT_RETAIN_SELF = YES;
				CLANG_WARN_OBJC_LITERAL_CONVERSION = YES;
				CLANG_WARN_OBJC_ROOT_CLASS = YES_ERROR;
				CLANG_WARN_RANGE_LOOP_ANALYSIS = YES;
				CLANG_WARN_STRICT_PROTOTYPES = YES;
				CLANG_WARN_SUSPICIOUS_MOVE = YES;
				CLANG_WARN_UNGUARDED_AVAILABILITY = YES_AGGRESSIVE;
				CLANG_WARN_UNREACHABLE_CODE = YES;
				CLANG_WARN__DUPLICATE_METHOD_MATCH = YES;
				CODE_SIGN_IDENTITY = "iPhone Developer";
				COPY_PHASE_STRIP = NO;
				DEBUG_INFORMATION_FORMAT = "dwarf-with-dsym";
				ENABLE_NS_ASSERTIONS = NO;
				ENABLE_STRICT_OBJC_MSGSEND = YES;
				GCC_C_LANGUAGE_STANDARD = gnu11;
				GCC_NO_COMMON_BLOCKS = YES;
				GCC_WARN_64_TO_32_BIT_CONVERSION = YES;
				GCC_WARN_ABOUT_RETURN_TYPE = YES_ERROR;
				GCC_WARN_UNDECLARED_SELECTOR = YES;
				GCC_WARN_UNINITIALIZED_AUTOS = YES_AGGRESSIVE;
				GCC_WARN_UNUSED_FUNCTION = YES;
				GCC_WARN_UNUSED_VARIABLE = YES;
				IPHONEOS_DEPLOYMENT_TARGET = 11.4;
				MTL_ENABLE_DEBUG_INFO = NO;
				SDKROOT = iphoneos;
				SWIFT_COMPILATION_MODE = wholemodule;
				SWIFT_OPTIMIZATION_LEVEL = "-O";
				VALIDATE_PRODUCT = YES;
			};
			name = Release;
		};
		42110B83210A768900E43031 /* Debug */ = {
			isa = XCBuildConfiguration;
			buildSettings = {
				ASSETCATALOG_COMPILER_APPICON_NAME = AppIcon;
				CODE_SIGN_STYLE = Automatic;
				INFOPLIST_FILE = Tenacity/Info.plist;
				LD_RUNPATH_SEARCH_PATHS = (
					"$(inherited)",
					"@executable_path/Frameworks",
				);
				PRODUCT_BUNDLE_IDENTIFIER = tenacity.Tenacity;
				PRODUCT_NAME = "$(TARGET_NAME)";
				SWIFT_VERSION = 4.0;
				TARGETED_DEVICE_FAMILY = "1,2";
			};
			name = Debug;
		};
		42110B84210A768900E43031 /* Release */ = {
			isa = XCBuildConfiguration;
			buildSettings = {
				ASSETCATALOG_COMPILER_APPICON_NAME = AppIcon;
				CODE_SIGN_STYLE = Automatic;
				INFOPLIST_FILE = Tenacity/Info.plist;
				LD_RUNPATH_SEARCH_PATHS = (
					"$(inherited)",
					"@executable_path/Frameworks",
				);
				PRODUCT_BUNDLE_IDENTIFIER = tenacity.Tenacity;
				PRODUCT_NAME = "$(TARGET_NAME)";
				SWIFT_VERSION = 4.0;
				TARGETED_DEVICE_FAMILY = "1,2";
			};
			name = Release;
		};
		42110B86210A768900E43031 /* Debug */ = {
			isa = XCBuildConfiguration;
			buildSettings = {
				ALWAYS_EMBED_SWIFT_STANDARD_LIBRARIES = YES;
				BUNDLE_LOADER = "$(TEST_HOST)";
				CODE_SIGN_STYLE = Automatic;
				INFOPLIST_FILE = TenacityTests/Info.plist;
				LD_RUNPATH_SEARCH_PATHS = (
					"$(inherited)",
					"@executable_path/Frameworks",
					"@loader_path/Frameworks",
				);
				PRODUCT_BUNDLE_IDENTIFIER = tenacity.TenacityTests;
				PRODUCT_NAME = "$(TARGET_NAME)";
				SWIFT_VERSION = 4.0;
				TARGETED_DEVICE_FAMILY = "1,2";
				TEST_HOST = "$(BUILT_PRODUCTS_DIR)/Tenacity.app/Tenacity";
			};
			name = Debug;
		};
		42110B87210A768900E43031 /* Release */ = {
			isa = XCBuildConfiguration;
			buildSettings = {
				ALWAYS_EMBED_SWIFT_STANDARD_LIBRARIES = YES;
				BUNDLE_LOADER = "$(TEST_HOST)";
				CODE_SIGN_STYLE = Automatic;
				INFOPLIST_FILE = TenacityTests/Info.plist;
				LD_RUNPATH_SEARCH_PATHS = (
					"$(inherited)",
					"@executable_path/Frameworks",
					"@loader_path/Frameworks",
				);
				PRODUCT_BUNDLE_IDENTIFIER = tenacity.TenacityTests;
				PRODUCT_NAME = "$(TARGET_NAME)";
				SWIFT_VERSION = 4.0;
				TARGETED_DEVICE_FAMILY = "1,2";
				TEST_HOST = "$(BUILT_PRODUCTS_DIR)/Tenacity.app/Tenacity";
			};
			name = Release;
		};
		42110B89210A768900E43031 /* Debug */ = {
			isa = XCBuildConfiguration;
			buildSettings = {
				ALWAYS_EMBED_SWIFT_STANDARD_LIBRARIES = YES;
				CODE_SIGN_STYLE = Automatic;
				INFOPLIST_FILE = TenacityUITests/Info.plist;
				LD_RUNPATH_SEARCH_PATHS = (
					"$(inherited)",
					"@executable_path/Frameworks",
					"@loader_path/Frameworks",
				);
				PRODUCT_BUNDLE_IDENTIFIER = tenacity.TenacityUITests;
				PRODUCT_NAME = "$(TARGET_NAME)";
				SWIFT_VERSION = 4.0;
				TARGETED_DEVICE_FAMILY = "1,2";
				TEST_TARGET_NAME = Tenacity;
			};
			name = Debug;
		};
		42110B8A210A768900E43031 /* Release */ = {
			isa = XCBuildConfiguration;
			buildSettings = {
				ALWAYS_EMBED_SWIFT_STANDARD_LIBRARIES = YES;
				CODE_SIGN_STYLE = Automatic;
				INFOPLIST_FILE = TenacityUITests/Info.plist;
				LD_RUNPATH_SEARCH_PATHS = (
					"$(inherited)",
					"@executable_path/Frameworks",
					"@loader_path/Frameworks",
				);
				PRODUCT_BUNDLE_IDENTIFIER = tenacity.TenacityUITests;
				PRODUCT_NAME = "$(TARGET_NAME)";
				SWIFT_VERSION = 4.0;
				TARGETED_DEVICE_FAMILY = "1,2";
				TEST_TARGET_NAME = Tenacity;
			};
			name = Release;
		};
		42110BAC210A775300E43031 /* Debug */ = {
			isa = XCBuildConfiguration;
			buildSettings = {
				ASSETCATALOG_COMPILER_COMPLICATION_NAME = Complication;
				CODE_SIGN_STYLE = Automatic;
				INFOPLIST_FILE = "Tenacity_Watch Extension/Info.plist";
				LD_RUNPATH_SEARCH_PATHS = (
					"$(inherited)",
					"@executable_path/Frameworks",
					"@executable_path/../../Frameworks",
				);
				PRODUCT_BUNDLE_IDENTIFIER = tenacity.Tenacity.watchkitapp.watchkitextension;
				PRODUCT_NAME = "${TARGET_NAME}";
				SDKROOT = watchos;
				SKIP_INSTALL = YES;
				SWIFT_VERSION = 4.0;
				TARGETED_DEVICE_FAMILY = 4;
				WATCHOS_DEPLOYMENT_TARGET = 4.3;
			};
			name = Debug;
		};
		42110BAD210A775300E43031 /* Release */ = {
			isa = XCBuildConfiguration;
			buildSettings = {
				ASSETCATALOG_COMPILER_COMPLICATION_NAME = Complication;
				CODE_SIGN_STYLE = Automatic;
				INFOPLIST_FILE = "Tenacity_Watch Extension/Info.plist";
				LD_RUNPATH_SEARCH_PATHS = (
					"$(inherited)",
					"@executable_path/Frameworks",
					"@executable_path/../../Frameworks",
				);
				PRODUCT_BUNDLE_IDENTIFIER = tenacity.Tenacity.watchkitapp.watchkitextension;
				PRODUCT_NAME = "${TARGET_NAME}";
				SDKROOT = watchos;
				SKIP_INSTALL = YES;
				SWIFT_VERSION = 4.0;
				TARGETED_DEVICE_FAMILY = 4;
				WATCHOS_DEPLOYMENT_TARGET = 4.3;
			};
			name = Release;
		};
		42110BB0210A775300E43031 /* Debug */ = {
			isa = XCBuildConfiguration;
			buildSettings = {
				ALWAYS_EMBED_SWIFT_STANDARD_LIBRARIES = YES;
				ASSETCATALOG_COMPILER_APPICON_NAME = AppIcon;
				CODE_SIGN_STYLE = Automatic;
				IBSC_MODULE = Tenacity_Watch_Extension;
				INFOPLIST_FILE = Tenacity_Watch/Info.plist;
				PRODUCT_BUNDLE_IDENTIFIER = tenacity.Tenacity.watchkitapp;
				PRODUCT_NAME = "$(TARGET_NAME)";
				SDKROOT = watchos;
				SKIP_INSTALL = YES;
				SWIFT_VERSION = 4.0;
				TARGETED_DEVICE_FAMILY = 4;
				WATCHOS_DEPLOYMENT_TARGET = 4.3;
			};
			name = Debug;
		};
		42110BB1210A775300E43031 /* Release */ = {
			isa = XCBuildConfiguration;
			buildSettings = {
				ALWAYS_EMBED_SWIFT_STANDARD_LIBRARIES = YES;
				ASSETCATALOG_COMPILER_APPICON_NAME = AppIcon;
				CODE_SIGN_STYLE = Automatic;
				IBSC_MODULE = Tenacity_Watch_Extension;
				INFOPLIST_FILE = Tenacity_Watch/Info.plist;
				PRODUCT_BUNDLE_IDENTIFIER = tenacity.Tenacity.watchkitapp;
				PRODUCT_NAME = "$(TARGET_NAME)";
				SDKROOT = watchos;
				SKIP_INSTALL = YES;
				SWIFT_VERSION = 4.0;
				TARGETED_DEVICE_FAMILY = 4;
				WATCHOS_DEPLOYMENT_TARGET = 4.3;
			};
			name = Release;
		};
/* End XCBuildConfiguration section */

/* Begin XCConfigurationList section */
		42110B55210A767B00E43031 /* Build configuration list for PBXProject "Tenacity" */ = {
			isa = XCConfigurationList;
			buildConfigurations = (
				42110B80210A768900E43031 /* Debug */,
				42110B81210A768900E43031 /* Release */,
			);
			defaultConfigurationIsVisible = 0;
			defaultConfigurationName = Release;
		};
		42110B82210A768900E43031 /* Build configuration list for PBXNativeTarget "Tenacity" */ = {
			isa = XCConfigurationList;
			buildConfigurations = (
				42110B83210A768900E43031 /* Debug */,
				42110B84210A768900E43031 /* Release */,
			);
			defaultConfigurationIsVisible = 0;
			defaultConfigurationName = Release;
		};
		42110B85210A768900E43031 /* Build configuration list for PBXNativeTarget "TenacityTests" */ = {
			isa = XCConfigurationList;
			buildConfigurations = (
				42110B86210A768900E43031 /* Debug */,
				42110B87210A768900E43031 /* Release */,
			);
			defaultConfigurationIsVisible = 0;
			defaultConfigurationName = Release;
		};
		42110B88210A768900E43031 /* Build configuration list for PBXNativeTarget "TenacityUITests" */ = {
			isa = XCConfigurationList;
			buildConfigurations = (
				42110B89210A768900E43031 /* Debug */,
				42110B8A210A768900E43031 /* Release */,
			);
			defaultConfigurationIsVisible = 0;
			defaultConfigurationName = Release;
		};
		42110BAB210A775300E43031 /* Build configuration list for PBXNativeTarget "Tenacity_Watch Extension" */ = {
			isa = XCConfigurationList;
			buildConfigurations = (
				42110BAC210A775300E43031 /* Debug */,
				42110BAD210A775300E43031 /* Release */,
			);
			defaultConfigurationIsVisible = 0;
			defaultConfigurationName = Release;
		};
		42110BAF210A775300E43031 /* Build configuration list for PBXNativeTarget "Tenacity_Watch" */ = {
			isa = XCConfigurationList;
			buildConfigurations = (
				42110BB0210A775300E43031 /* Debug */,
				42110BB1210A775300E43031 /* Release */,
			);
			defaultConfigurationIsVisible = 0;
			defaultConfigurationName = Release;
		};
/* End XCConfigurationList section */
	};
	rootObject = 42110B52210A767B00E43031 /* Project object */;
}
