// !$*UTF8*$!
{
	archiveVersion = 1;
	classes = {
	};
	objectVersion = 50;
	objects = {

/* Begin PBXBuildFile section */
		42A2B2C3210A70E2004C931D /* AppDelegate.swift in Sources */ = {isa = PBXBuildFile; fileRef = 42A2B2C2210A70E2004C931D /* AppDelegate.swift */; };
		42A2B2C5210A70E2004C931D /* ViewController.swift in Sources */ = {isa = PBXBuildFile; fileRef = 42A2B2C4210A70E2004C931D /* ViewController.swift */; };
		42A2B2C8210A70E2004C931D /* Main.storyboard in Resources */ = {isa = PBXBuildFile; fileRef = 42A2B2C6210A70E2004C931D /* Main.storyboard */; };
		42A2B2CA210A70E3004C931D /* Assets.xcassets in Resources */ = {isa = PBXBuildFile; fileRef = 42A2B2C9210A70E3004C931D /* Assets.xcassets */; };
		42A2B2CD210A70E3004C931D /* LaunchScreen.storyboard in Resources */ = {isa = PBXBuildFile; fileRef = 42A2B2CB210A70E3004C931D /* LaunchScreen.storyboard */; };
		42A2B2D8210A70E4004C931D /* TenacityTests.swift in Sources */ = {isa = PBXBuildFile; fileRef = 42A2B2D7210A70E4004C931D /* TenacityTests.swift */; };
		42A2B2E3210A70E4004C931D /* TenacityUITests.swift in Sources */ = {isa = PBXBuildFile; fileRef = 42A2B2E2210A70E4004C931D /* TenacityUITests.swift */; };
		42A2B2E8210A70E4004C931D /* Tenacity WatchKit App.app in Embed Watch Content */ = {isa = PBXBuildFile; fileRef = 42A2B2E7210A70E4004C931D /* Tenacity WatchKit App.app */; };
		42A2B2EE210A70E4004C931D /* Interface.storyboard in Resources */ = {isa = PBXBuildFile; fileRef = 42A2B2EC210A70E4004C931D /* Interface.storyboard */; };
		42A2B2F0210A70E4004C931D /* Assets.xcassets in Resources */ = {isa = PBXBuildFile; fileRef = 42A2B2EF210A70E4004C931D /* Assets.xcassets */; };
		42A2B2F7210A70E4004C931D /* Tenacity WatchKit Extension.appex in Embed App Extensions */ = {isa = PBXBuildFile; fileRef = 42A2B2F6210A70E4004C931D /* Tenacity WatchKit Extension.appex */; settings = {ATTRIBUTES = (RemoveHeadersOnCopy, ); }; };
		42A2B2FC210A70E4004C931D /* InterfaceController.swift in Sources */ = {isa = PBXBuildFile; fileRef = 42A2B2FB210A70E4004C931D /* InterfaceController.swift */; };
		42A2B2FE210A70E4004C931D /* ExtensionDelegate.swift in Sources */ = {isa = PBXBuildFile; fileRef = 42A2B2FD210A70E4004C931D /* ExtensionDelegate.swift */; };
		42A2B300210A70E4004C931D /* NotificationController.swift in Sources */ = {isa = PBXBuildFile; fileRef = 42A2B2FF210A70E4004C931D /* NotificationController.swift */; };
		42A2B302210A70E5004C931D /* Assets.xcassets in Resources */ = {isa = PBXBuildFile; fileRef = 42A2B301210A70E5004C931D /* Assets.xcassets */; };
/* End PBXBuildFile section */

/* Begin PBXContainerItemProxy section */
		42A2B2D4210A70E4004C931D /* PBXContainerItemProxy */ = {
			isa = PBXContainerItemProxy;
			containerPortal = 42A2B2B7210A70E1004C931D /* Project object */;
			proxyType = 1;
			remoteGlobalIDString = 42A2B2BE210A70E1004C931D;
			remoteInfo = Tenacity;
		};
		42A2B2DF210A70E4004C931D /* PBXContainerItemProxy */ = {
			isa = PBXContainerItemProxy;
			containerPortal = 42A2B2B7210A70E1004C931D /* Project object */;
			proxyType = 1;
			remoteGlobalIDString = 42A2B2BE210A70E1004C931D;
			remoteInfo = Tenacity;
		};
		42A2B2E9210A70E4004C931D /* PBXContainerItemProxy */ = {
			isa = PBXContainerItemProxy;
			containerPortal = 42A2B2B7210A70E1004C931D /* Project object */;
			proxyType = 1;
			remoteGlobalIDString = 42A2B2E6210A70E4004C931D;
			remoteInfo = "Tenacity WatchKit App";
		};
		42A2B2F8210A70E4004C931D /* PBXContainerItemProxy */ = {
			isa = PBXContainerItemProxy;
			containerPortal = 42A2B2B7210A70E1004C931D /* Project object */;
			proxyType = 1;
			remoteGlobalIDString = 42A2B2F5210A70E4004C931D;
			remoteInfo = "Tenacity WatchKit Extension";
		};
/* End PBXContainerItemProxy section */

/* Begin PBXCopyFilesBuildPhase section */
		42A2B30A210A70E5004C931D /* Embed App Extensions */ = {
			isa = PBXCopyFilesBuildPhase;
			buildActionMask = 2147483647;
			dstPath = "";
			dstSubfolderSpec = 13;
			files = (
				42A2B2F7210A70E4004C931D /* Tenacity WatchKit Extension.appex in Embed App Extensions */,
			);
			name = "Embed App Extensions";
			runOnlyForDeploymentPostprocessing = 0;
		};
		42A2B30E210A70E5004C931D /* Embed Watch Content */ = {
			isa = PBXCopyFilesBuildPhase;
			buildActionMask = 2147483647;
			dstPath = "$(CONTENTS_FOLDER_PATH)/Watch";
			dstSubfolderSpec = 16;
			files = (
				42A2B2E8210A70E4004C931D /* Tenacity WatchKit App.app in Embed Watch Content */,
			);
			name = "Embed Watch Content";
			runOnlyForDeploymentPostprocessing = 0;
		};
/* End PBXCopyFilesBuildPhase section */

/* Begin PBXFileReference section */
		42A2B2BF210A70E2004C931D /* Tenacity.app */ = {isa = PBXFileReference; explicitFileType = wrapper.application; includeInIndex = 0; path = Tenacity.app; sourceTree = BUILT_PRODUCTS_DIR; };
		42A2B2C2210A70E2004C931D /* AppDelegate.swift */ = {isa = PBXFileReference; lastKnownFileType = sourcecode.swift; path = AppDelegate.swift; sourceTree = "<group>"; };
		42A2B2C4210A70E2004C931D /* ViewController.swift */ = {isa = PBXFileReference; lastKnownFileType = sourcecode.swift; path = ViewController.swift; sourceTree = "<group>"; };
		42A2B2C7210A70E2004C931D /* Base */ = {isa = PBXFileReference; lastKnownFileType = file.storyboard; name = Base; path = Base.lproj/Main.storyboard; sourceTree = "<group>"; };
		42A2B2C9210A70E3004C931D /* Assets.xcassets */ = {isa = PBXFileReference; lastKnownFileType = folder.assetcatalog; path = Assets.xcassets; sourceTree = "<group>"; };
		42A2B2CC210A70E3004C931D /* Base */ = {isa = PBXFileReference; lastKnownFileType = file.storyboard; name = Base; path = Base.lproj/LaunchScreen.storyboard; sourceTree = "<group>"; };
		42A2B2CE210A70E3004C931D /* Info.plist */ = {isa = PBXFileReference; lastKnownFileType = text.plist.xml; path = Info.plist; sourceTree = "<group>"; };
		42A2B2D3210A70E4004C931D /* TenacityTests.xctest */ = {isa = PBXFileReference; explicitFileType = wrapper.cfbundle; includeInIndex = 0; path = TenacityTests.xctest; sourceTree = BUILT_PRODUCTS_DIR; };
		42A2B2D7210A70E4004C931D /* TenacityTests.swift */ = {isa = PBXFileReference; lastKnownFileType = sourcecode.swift; path = TenacityTests.swift; sourceTree = "<group>"; };
		42A2B2D9210A70E4004C931D /* Info.plist */ = {isa = PBXFileReference; lastKnownFileType = text.plist.xml; path = Info.plist; sourceTree = "<group>"; };
		42A2B2DE210A70E4004C931D /* TenacityUITests.xctest */ = {isa = PBXFileReference; explicitFileType = wrapper.cfbundle; includeInIndex = 0; path = TenacityUITests.xctest; sourceTree = BUILT_PRODUCTS_DIR; };
		42A2B2E2210A70E4004C931D /* TenacityUITests.swift */ = {isa = PBXFileReference; lastKnownFileType = sourcecode.swift; path = TenacityUITests.swift; sourceTree = "<group>"; };
		42A2B2E4210A70E4004C931D /* Info.plist */ = {isa = PBXFileReference; lastKnownFileType = text.plist.xml; path = Info.plist; sourceTree = "<group>"; };
		42A2B2E7210A70E4004C931D /* Tenacity WatchKit App.app */ = {isa = PBXFileReference; explicitFileType = wrapper.application; includeInIndex = 0; path = "Tenacity WatchKit App.app"; sourceTree = BUILT_PRODUCTS_DIR; };
		42A2B2ED210A70E4004C931D /* Base */ = {isa = PBXFileReference; lastKnownFileType = file.storyboard; name = Base; path = Base.lproj/Interface.storyboard; sourceTree = "<group>"; };
		42A2B2EF210A70E4004C931D /* Assets.xcassets */ = {isa = PBXFileReference; lastKnownFileType = folder.assetcatalog; path = Assets.xcassets; sourceTree = "<group>"; };
		42A2B2F1210A70E4004C931D /* Info.plist */ = {isa = PBXFileReference; lastKnownFileType = text.plist.xml; path = Info.plist; sourceTree = "<group>"; };
		42A2B2F6210A70E4004C931D /* Tenacity WatchKit Extension.appex */ = {isa = PBXFileReference; explicitFileType = "wrapper.app-extension"; includeInIndex = 0; path = "Tenacity WatchKit Extension.appex"; sourceTree = BUILT_PRODUCTS_DIR; };
		42A2B2FB210A70E4004C931D /* InterfaceController.swift */ = {isa = PBXFileReference; lastKnownFileType = sourcecode.swift; path = InterfaceController.swift; sourceTree = "<group>"; };
		42A2B2FD210A70E4004C931D /* ExtensionDelegate.swift */ = {isa = PBXFileReference; lastKnownFileType = sourcecode.swift; path = ExtensionDelegate.swift; sourceTree = "<group>"; };
		42A2B2FF210A70E4004C931D /* NotificationController.swift */ = {isa = PBXFileReference; lastKnownFileType = sourcecode.swift; path = NotificationController.swift; sourceTree = "<group>"; };
		42A2B301210A70E5004C931D /* Assets.xcassets */ = {isa = PBXFileReference; lastKnownFileType = folder.assetcatalog; path = Assets.xcassets; sourceTree = "<group>"; };
		42A2B303210A70E5004C931D /* Info.plist */ = {isa = PBXFileReference; lastKnownFileType = text.plist.xml; path = Info.plist; sourceTree = "<group>"; };
		42A2B304210A70E5004C931D /* PushNotificationPayload.apns */ = {isa = PBXFileReference; lastKnownFileType = text; path = PushNotificationPayload.apns; sourceTree = "<group>"; };
/* End PBXFileReference section */

/* Begin PBXFrameworksBuildPhase section */
		42A2B2BC210A70E1004C931D /* Frameworks */ = {
			isa = PBXFrameworksBuildPhase;
			buildActionMask = 2147483647;
			files = (
			);
			runOnlyForDeploymentPostprocessing = 0;
		};
		42A2B2D0210A70E4004C931D /* Frameworks */ = {
			isa = PBXFrameworksBuildPhase;
			buildActionMask = 2147483647;
			files = (
			);
			runOnlyForDeploymentPostprocessing = 0;
		};
		42A2B2DB210A70E4004C931D /* Frameworks */ = {
			isa = PBXFrameworksBuildPhase;
			buildActionMask = 2147483647;
			files = (
			);
			runOnlyForDeploymentPostprocessing = 0;
		};
		42A2B2F3210A70E4004C931D /* Frameworks */ = {
			isa = PBXFrameworksBuildPhase;
			buildActionMask = 2147483647;
			files = (
			);
			runOnlyForDeploymentPostprocessing = 0;
		};
/* End PBXFrameworksBuildPhase section */

/* Begin PBXGroup section */
		42A2B2B6210A70E1004C931D = {
			isa = PBXGroup;
			children = (
				42A2B2C1210A70E2004C931D /* Tenacity */,
				42A2B2D6210A70E4004C931D /* TenacityTests */,
				42A2B2E1210A70E4004C931D /* TenacityUITests */,
				42A2B2EB210A70E4004C931D /* Tenacity WatchKit App */,
				42A2B2FA210A70E4004C931D /* Tenacity WatchKit Extension */,
				42A2B2C0210A70E2004C931D /* Products */,
			);
			sourceTree = "<group>";
		};
		42A2B2C0210A70E2004C931D /* Products */ = {
			isa = PBXGroup;
			children = (
				42A2B2BF210A70E2004C931D /* Tenacity.app */,
				42A2B2D3210A70E4004C931D /* TenacityTests.xctest */,
				42A2B2DE210A70E4004C931D /* TenacityUITests.xctest */,
				42A2B2E7210A70E4004C931D /* Tenacity WatchKit App.app */,
				42A2B2F6210A70E4004C931D /* Tenacity WatchKit Extension.appex */,
			);
			name = Products;
			sourceTree = "<group>";
		};
		42A2B2C1210A70E2004C931D /* Tenacity */ = {
			isa = PBXGroup;
			children = (
				42A2B2C2210A70E2004C931D /* AppDelegate.swift */,
				42A2B2C4210A70E2004C931D /* ViewController.swift */,
				42A2B2C6210A70E2004C931D /* Main.storyboard */,
				42A2B2C9210A70E3004C931D /* Assets.xcassets */,
				42A2B2CB210A70E3004C931D /* LaunchScreen.storyboard */,
				42A2B2CE210A70E3004C931D /* Info.plist */,
			);
			path = Tenacity;
			sourceTree = "<group>";
		};
		42A2B2D6210A70E4004C931D /* TenacityTests */ = {
			isa = PBXGroup;
			children = (
				42A2B2D7210A70E4004C931D /* TenacityTests.swift */,
				42A2B2D9210A70E4004C931D /* Info.plist */,
			);
			path = TenacityTests;
			sourceTree = "<group>";
		};
		42A2B2E1210A70E4004C931D /* TenacityUITests */ = {
			isa = PBXGroup;
			children = (
				42A2B2E2210A70E4004C931D /* TenacityUITests.swift */,
				42A2B2E4210A70E4004C931D /* Info.plist */,
			);
			path = TenacityUITests;
			sourceTree = "<group>";
		};
		42A2B2EB210A70E4004C931D /* Tenacity WatchKit App */ = {
			isa = PBXGroup;
			children = (
				42A2B2EC210A70E4004C931D /* Interface.storyboard */,
				42A2B2EF210A70E4004C931D /* Assets.xcassets */,
				42A2B2F1210A70E4004C931D /* Info.plist */,
			);
			path = "Tenacity WatchKit App";
			sourceTree = "<group>";
		};
		42A2B2FA210A70E4004C931D /* Tenacity WatchKit Extension */ = {
			isa = PBXGroup;
			children = (
				42A2B2FB210A70E4004C931D /* InterfaceController.swift */,
				42A2B2FD210A70E4004C931D /* ExtensionDelegate.swift */,
				42A2B2FF210A70E4004C931D /* NotificationController.swift */,
				42A2B301210A70E5004C931D /* Assets.xcassets */,
				42A2B303210A70E5004C931D /* Info.plist */,
				42A2B304210A70E5004C931D /* PushNotificationPayload.apns */,
			);
			path = "Tenacity WatchKit Extension";
			sourceTree = "<group>";
		};
/* End PBXGroup section */

/* Begin PBXNativeTarget section */
		42A2B2BE210A70E1004C931D /* Tenacity */ = {
			isa = PBXNativeTarget;
			buildConfigurationList = 42A2B30F210A70E5004C931D /* Build configuration list for PBXNativeTarget "Tenacity" */;
			buildPhases = (
				42A2B2BB210A70E1004C931D /* Sources */,
				42A2B2BC210A70E1004C931D /* Frameworks */,
				42A2B2BD210A70E1004C931D /* Resources */,
				42A2B30E210A70E5004C931D /* Embed Watch Content */,
			);
			buildRules = (
			);
			dependencies = (
				42A2B2EA210A70E4004C931D /* PBXTargetDependency */,
			);
			name = Tenacity;
			productName = Tenacity;
			productReference = 42A2B2BF210A70E2004C931D /* Tenacity.app */;
			productType = "com.apple.product-type.application";
		};
		42A2B2D2210A70E4004C931D /* TenacityTests */ = {
			isa = PBXNativeTarget;
			buildConfigurationList = 42A2B312210A70E5004C931D /* Build configuration list for PBXNativeTarget "TenacityTests" */;
			buildPhases = (
				42A2B2CF210A70E4004C931D /* Sources */,
				42A2B2D0210A70E4004C931D /* Frameworks */,
				42A2B2D1210A70E4004C931D /* Resources */,
			);
			buildRules = (
			);
			dependencies = (
				42A2B2D5210A70E4004C931D /* PBXTargetDependency */,
			);
			name = TenacityTests;
			productName = TenacityTests;
			productReference = 42A2B2D3210A70E4004C931D /* TenacityTests.xctest */;
			productType = "com.apple.product-type.bundle.unit-test";
		};
		42A2B2DD210A70E4004C931D /* TenacityUITests */ = {
			isa = PBXNativeTarget;
			buildConfigurationList = 42A2B315210A70E5004C931D /* Build configuration list for PBXNativeTarget "TenacityUITests" */;
			buildPhases = (
				42A2B2DA210A70E4004C931D /* Sources */,
				42A2B2DB210A70E4004C931D /* Frameworks */,
				42A2B2DC210A70E4004C931D /* Resources */,
			);
			buildRules = (
			);
			dependencies = (
				42A2B2E0210A70E4004C931D /* PBXTargetDependency */,
			);
			name = TenacityUITests;
			productName = TenacityUITests;
			productReference = 42A2B2DE210A70E4004C931D /* TenacityUITests.xctest */;
			productType = "com.apple.product-type.bundle.ui-testing";
		};
		42A2B2E6210A70E4004C931D /* Tenacity WatchKit App */ = {
			isa = PBXNativeTarget;
			buildConfigurationList = 42A2B30B210A70E5004C931D /* Build configuration list for PBXNativeTarget "Tenacity WatchKit App" */;
			buildPhases = (
				42A2B2E5210A70E4004C931D /* Resources */,
				42A2B30A210A70E5004C931D /* Embed App Extensions */,
			);
			buildRules = (
			);
			dependencies = (
				42A2B2F9210A70E4004C931D /* PBXTargetDependency */,
			);
			name = "Tenacity WatchKit App";
			productName = "Tenacity WatchKit App";
			productReference = 42A2B2E7210A70E4004C931D /* Tenacity WatchKit App.app */;
			productType = "com.apple.product-type.application.watchapp2";
		};
		42A2B2F5210A70E4004C931D /* Tenacity WatchKit Extension */ = {
			isa = PBXNativeTarget;
			buildConfigurationList = 42A2B307210A70E5004C931D /* Build configuration list for PBXNativeTarget "Tenacity WatchKit Extension" */;
			buildPhases = (
				42A2B2F2210A70E4004C931D /* Sources */,
				42A2B2F3210A70E4004C931D /* Frameworks */,
				42A2B2F4210A70E4004C931D /* Resources */,
			);
			buildRules = (
			);
			dependencies = (
			);
			name = "Tenacity WatchKit Extension";
			productName = "Tenacity WatchKit Extension";
			productReference = 42A2B2F6210A70E4004C931D /* Tenacity WatchKit Extension.appex */;
			productType = "com.apple.product-type.watchkit2-extension";
		};
/* End PBXNativeTarget section */

/* Begin PBXProject section */
		42A2B2B7210A70E1004C931D /* Project object */ = {
			isa = PBXProject;
			attributes = {
				LastSwiftUpdateCheck = 0940;
				LastUpgradeCheck = 0940;
				ORGANIZATIONNAME = PLL;
				TargetAttributes = {
					42A2B2BE210A70E1004C931D = {
						CreatedOnToolsVersion = 9.4.1;
					};
					42A2B2D2210A70E4004C931D = {
						CreatedOnToolsVersion = 9.4.1;
						TestTargetID = 42A2B2BE210A70E1004C931D;
					};
					42A2B2DD210A70E4004C931D = {
						CreatedOnToolsVersion = 9.4.1;
						TestTargetID = 42A2B2BE210A70E1004C931D;
					};
					42A2B2E6210A70E4004C931D = {
						CreatedOnToolsVersion = 9.4.1;
					};
					42A2B2F5210A70E4004C931D = {
						CreatedOnToolsVersion = 9.4.1;
					};
				};
			};
			buildConfigurationList = 42A2B2BA210A70E1004C931D /* Build configuration list for PBXProject "Tenacity" */;
			compatibilityVersion = "Xcode 9.3";
			developmentRegion = en;
			hasScannedForEncodings = 0;
			knownRegions = (
				en,
				Base,
			);
			mainGroup = 42A2B2B6210A70E1004C931D;
			productRefGroup = 42A2B2C0210A70E2004C931D /* Products */;
			projectDirPath = "";
			projectRoot = "";
			targets = (
				42A2B2BE210A70E1004C931D /* Tenacity */,
				42A2B2D2210A70E4004C931D /* TenacityTests */,
				42A2B2DD210A70E4004C931D /* TenacityUITests */,
				42A2B2E6210A70E4004C931D /* Tenacity WatchKit App */,
				42A2B2F5210A70E4004C931D /* Tenacity WatchKit Extension */,
			);
		};
/* End PBXProject section */

/* Begin PBXResourcesBuildPhase section */
		42A2B2BD210A70E1004C931D /* Resources */ = {
			isa = PBXResourcesBuildPhase;
			buildActionMask = 2147483647;
			files = (
				42A2B2CD210A70E3004C931D /* LaunchScreen.storyboard in Resources */,
				42A2B2CA210A70E3004C931D /* Assets.xcassets in Resources */,
				42A2B2C8210A70E2004C931D /* Main.storyboard in Resources */,
			);
			runOnlyForDeploymentPostprocessing = 0;
		};
		42A2B2D1210A70E4004C931D /* Resources */ = {
			isa = PBXResourcesBuildPhase;
			buildActionMask = 2147483647;
			files = (
			);
			runOnlyForDeploymentPostprocessing = 0;
		};
		42A2B2DC210A70E4004C931D /* Resources */ = {
			isa = PBXResourcesBuildPhase;
			buildActionMask = 2147483647;
			files = (
			);
			runOnlyForDeploymentPostprocessing = 0;
		};
		42A2B2E5210A70E4004C931D /* Resources */ = {
			isa = PBXResourcesBuildPhase;
			buildActionMask = 2147483647;
			files = (
				42A2B2F0210A70E4004C931D /* Assets.xcassets in Resources */,
				42A2B2EE210A70E4004C931D /* Interface.storyboard in Resources */,
			);
			runOnlyForDeploymentPostprocessing = 0;
		};
		42A2B2F4210A70E4004C931D /* Resources */ = {
			isa = PBXResourcesBuildPhase;
			buildActionMask = 2147483647;
			files = (
				42A2B302210A70E5004C931D /* Assets.xcassets in Resources */,
			);
			runOnlyForDeploymentPostprocessing = 0;
		};
/* End PBXResourcesBuildPhase section */

/* Begin PBXSourcesBuildPhase section */
		42A2B2BB210A70E1004C931D /* Sources */ = {
			isa = PBXSourcesBuildPhase;
			buildActionMask = 2147483647;
			files = (
				42A2B2C5210A70E2004C931D /* ViewController.swift in Sources */,
				42A2B2C3210A70E2004C931D /* AppDelegate.swift in Sources */,
			);
			runOnlyForDeploymentPostprocessing = 0;
		};
		42A2B2CF210A70E4004C931D /* Sources */ = {
			isa = PBXSourcesBuildPhase;
			buildActionMask = 2147483647;
			files = (
				42A2B2D8210A70E4004C931D /* TenacityTests.swift in Sources */,
			);
			runOnlyForDeploymentPostprocessing = 0;
		};
		42A2B2DA210A70E4004C931D /* Sources */ = {
			isa = PBXSourcesBuildPhase;
			buildActionMask = 2147483647;
			files = (
				42A2B2E3210A70E4004C931D /* TenacityUITests.swift in Sources */,
			);
			runOnlyForDeploymentPostprocessing = 0;
		};
		42A2B2F2210A70E4004C931D /* Sources */ = {
			isa = PBXSourcesBuildPhase;
			buildActionMask = 2147483647;
			files = (
				42A2B300210A70E4004C931D /* NotificationController.swift in Sources */,
				42A2B2FE210A70E4004C931D /* ExtensionDelegate.swift in Sources */,
				42A2B2FC210A70E4004C931D /* InterfaceController.swift in Sources */,
			);
			runOnlyForDeploymentPostprocessing = 0;
		};
/* End PBXSourcesBuildPhase section */

/* Begin PBXTargetDependency section */
		42A2B2D5210A70E4004C931D /* PBXTargetDependency */ = {
			isa = PBXTargetDependency;
			target = 42A2B2BE210A70E1004C931D /* Tenacity */;
			targetProxy = 42A2B2D4210A70E4004C931D /* PBXContainerItemProxy */;
		};
		42A2B2E0210A70E4004C931D /* PBXTargetDependency */ = {
			isa = PBXTargetDependency;
			target = 42A2B2BE210A70E1004C931D /* Tenacity */;
			targetProxy = 42A2B2DF210A70E4004C931D /* PBXContainerItemProxy */;
		};
		42A2B2EA210A70E4004C931D /* PBXTargetDependency */ = {
			isa = PBXTargetDependency;
			target = 42A2B2E6210A70E4004C931D /* Tenacity WatchKit App */;
			targetProxy = 42A2B2E9210A70E4004C931D /* PBXContainerItemProxy */;
		};
		42A2B2F9210A70E4004C931D /* PBXTargetDependency */ = {
			isa = PBXTargetDependency;
			target = 42A2B2F5210A70E4004C931D /* Tenacity WatchKit Extension */;
			targetProxy = 42A2B2F8210A70E4004C931D /* PBXContainerItemProxy */;
		};
/* End PBXTargetDependency section */

/* Begin PBXVariantGroup section */
		42A2B2C6210A70E2004C931D /* Main.storyboard */ = {
			isa = PBXVariantGroup;
			children = (
				42A2B2C7210A70E2004C931D /* Base */,
			);
			name = Main.storyboard;
			sourceTree = "<group>";
		};
		42A2B2CB210A70E3004C931D /* LaunchScreen.storyboard */ = {
			isa = PBXVariantGroup;
			children = (
				42A2B2CC210A70E3004C931D /* Base */,
			);
			name = LaunchScreen.storyboard;
			sourceTree = "<group>";
		};
		42A2B2EC210A70E4004C931D /* Interface.storyboard */ = {
			isa = PBXVariantGroup;
			children = (
				42A2B2ED210A70E4004C931D /* Base */,
			);
			name = Interface.storyboard;
			sourceTree = "<group>";
		};
/* End PBXVariantGroup section */

/* Begin XCBuildConfiguration section */
		42A2B305210A70E5004C931D /* Debug */ = {
			isa = XCBuildConfiguration;
			buildSettings = {
				ALWAYS_SEARCH_USER_PATHS = NO;
				CLANG_ANALYZER_NONNULL = YES;
				CLANG_ANALYZER_NUMBER_OBJECT_CONVERSION = YES_AGGRESSIVE;
				CLANG_CXX_LANGUAGE_STANDARD = "gnu++14";
				CLANG_CXX_LIBRARY = "libc++";
				CLANG_ENABLE_MODULES = YES;
				CLANG_ENABLE_OBJC_ARC = YES;
				CLANG_ENABLE_OBJC_WEAK = YES;
				CLANG_WARN_BLOCK_CAPTURE_AUTORELEASING = YES;
				CLANG_WARN_BOOL_CONVERSION = YES;
				CLANG_WARN_COMMA = YES;
				CLANG_WARN_CONSTANT_CONVERSION = YES;
				CLANG_WARN_DEPRECATED_OBJC_IMPLEMENTATIONS = YES;
				CLANG_WARN_DIRECT_OBJC_ISA_USAGE = YES_ERROR;
				CLANG_WARN_DOCUMENTATION_COMMENTS = YES;
				CLANG_WARN_EMPTY_BODY = YES;
				CLANG_WARN_ENUM_CONVERSION = YES;
				CLANG_WARN_INFINITE_RECURSION = YES;
				CLANG_WARN_INT_CONVERSION = YES;
				CLANG_WARN_NON_LITERAL_NULL_CONVERSION = YES;
				CLANG_WARN_OBJC_IMPLICIT_RETAIN_SELF = YES;
				CLANG_WARN_OBJC_LITERAL_CONVERSION = YES;
				CLANG_WARN_OBJC_ROOT_CLASS = YES_ERROR;
				CLANG_WARN_RANGE_LOOP_ANALYSIS = YES;
				CLANG_WARN_STRICT_PROTOTYPES = YES;
				CLANG_WARN_SUSPICIOUS_MOVE = YES;
				CLANG_WARN_UNGUARDED_AVAILABILITY = YES_AGGRESSIVE;
				CLANG_WARN_UNREACHABLE_CODE = YES;
				CLANG_WARN__DUPLICATE_METHOD_MATCH = YES;
				CODE_SIGN_IDENTITY = "iPhone Developer";
				COPY_PHASE_STRIP = NO;
				DEBUG_INFORMATION_FORMAT = dwarf;
				ENABLE_STRICT_OBJC_MSGSEND = YES;
				ENABLE_TESTABILITY = YES;
				GCC_C_LANGUAGE_STANDARD = gnu11;
				GCC_DYNAMIC_NO_PIC = NO;
				GCC_NO_COMMON_BLOCKS = YES;
				GCC_OPTIMIZATION_LEVEL = 0;
				GCC_PREPROCESSOR_DEFINITIONS = (
					"DEBUG=1",
					"$(inherited)",
				);
				GCC_WARN_64_TO_32_BIT_CONVERSION = YES;
				GCC_WARN_ABOUT_RETURN_TYPE = YES_ERROR;
				GCC_WARN_UNDECLARED_SELECTOR = YES;
				GCC_WARN_UNINITIALIZED_AUTOS = YES_AGGRESSIVE;
				GCC_WARN_UNUSED_FUNCTION = YES;
				GCC_WARN_UNUSED_VARIABLE = YES;
				IPHONEOS_DEPLOYMENT_TARGET = 11.4;
				MTL_ENABLE_DEBUG_INFO = YES;
				ONLY_ACTIVE_ARCH = YES;
				SDKROOT = iphoneos;
				SWIFT_ACTIVE_COMPILATION_CONDITIONS = DEBUG;
				SWIFT_OPTIMIZATION_LEVEL = "-Onone";
			};
			name = Debug;
		};
		42A2B306210A70E5004C931D /* Release */ = {
			isa = XCBuildConfiguration;
			buildSettings = {
				ALWAYS_SEARCH_USER_PATHS = NO;
				CLANG_ANALYZER_NONNULL = YES;
				CLANG_ANALYZER_NUMBER_OBJECT_CONVERSION = YES_AGGRESSIVE;
				CLANG_CXX_LANGUAGE_STANDARD = "gnu++14";
				CLANG_CXX_LIBRARY = "libc++";
				CLANG_ENABLE_MODULES = YES;
				CLANG_ENABLE_OBJC_ARC = YES;
				CLANG_ENABLE_OBJC_WEAK = YES;
				CLANG_WARN_BLOCK_CAPTURE_AUTORELEASING = YES;
				CLANG_WARN_BOOL_CONVERSION = YES;
				CLANG_WARN_COMMA = YES;
				CLANG_WARN_CONSTANT_CONVERSION = YES;
				CLANG_WARN_DEPRECATED_OBJC_IMPLEMENTATIONS = YES;
				CLANG_WARN_DIRECT_OBJC_ISA_USAGE = YES_ERROR;
				CLANG_WARN_DOCUMENTATION_COMMENTS = YES;
				CLANG_WARN_EMPTY_BODY = YES;
				CLANG_WARN_ENUM_CONVERSION = YES;
				CLANG_WARN_INFINITE_RECURSION = YES;
				CLANG_WARN_INT_CONVERSION = YES;
				CLANG_WARN_NON_LITERAL_NULL_CONVERSION = YES;
				CLANG_WARN_OBJC_IMPLICIT_RETAIN_SELF = YES;
				CLANG_WARN_OBJC_LITERAL_CONVERSION = YES;
				CLANG_WARN_OBJC_ROOT_CLASS = YES_ERROR;
				CLANG_WARN_RANGE_LOOP_ANALYSIS = YES;
				CLANG_WARN_STRICT_PROTOTYPES = YES;
				CLANG_WARN_SUSPICIOUS_MOVE = YES;
				CLANG_WARN_UNGUARDED_AVAILABILITY = YES_AGGRESSIVE;
				CLANG_WARN_UNREACHABLE_CODE = YES;
				CLANG_WARN__DUPLICATE_METHOD_MATCH = YES;
				CODE_SIGN_IDENTITY = "iPhone Developer";
				COPY_PHASE_STRIP = NO;
				DEBUG_INFORMATION_FORMAT = "dwarf-with-dsym";
				ENABLE_NS_ASSERTIONS = NO;
				ENABLE_STRICT_OBJC_MSGSEND = YES;
				GCC_C_LANGUAGE_STANDARD = gnu11;
				GCC_NO_COMMON_BLOCKS = YES;
				GCC_WARN_64_TO_32_BIT_CONVERSION = YES;
				GCC_WARN_ABOUT_RETURN_TYPE = YES_ERROR;
				GCC_WARN_UNDECLARED_SELECTOR = YES;
				GCC_WARN_UNINITIALIZED_AUTOS = YES_AGGRESSIVE;
				GCC_WARN_UNUSED_FUNCTION = YES;
				GCC_WARN_UNUSED_VARIABLE = YES;
				IPHONEOS_DEPLOYMENT_TARGET = 11.4;
				MTL_ENABLE_DEBUG_INFO = NO;
				SDKROOT = iphoneos;
				SWIFT_COMPILATION_MODE = wholemodule;
				SWIFT_OPTIMIZATION_LEVEL = "-O";
				VALIDATE_PRODUCT = YES;
			};
			name = Release;
		};
		42A2B308210A70E5004C931D /* Debug */ = {
			isa = XCBuildConfiguration;
			buildSettings = {
				ASSETCATALOG_COMPILER_COMPLICATION_NAME = Complication;
				CODE_SIGN_STYLE = Automatic;
				INFOPLIST_FILE = "Tenacity WatchKit Extension/Info.plist";
				LD_RUNPATH_SEARCH_PATHS = (
					"$(inherited)",
					"@executable_path/Frameworks",
					"@executable_path/../../Frameworks",
				);
				PRODUCT_BUNDLE_IDENTIFIER = PLL.Tenacity.watchkitapp.watchkitextension;
				PRODUCT_NAME = "${TARGET_NAME}";
				SDKROOT = watchos;
				SKIP_INSTALL = YES;
				SWIFT_VERSION = 4.0;
				TARGETED_DEVICE_FAMILY = 4;
				WATCHOS_DEPLOYMENT_TARGET = 4.3;
			};
			name = Debug;
		};
		42A2B309210A70E5004C931D /* Release */ = {
			isa = XCBuildConfiguration;
			buildSettings = {
				ASSETCATALOG_COMPILER_COMPLICATION_NAME = Complication;
				CODE_SIGN_STYLE = Automatic;
				INFOPLIST_FILE = "Tenacity WatchKit Extension/Info.plist";
				LD_RUNPATH_SEARCH_PATHS = (
					"$(inherited)",
					"@executable_path/Frameworks",
					"@executable_path/../../Frameworks",
				);
				PRODUCT_BUNDLE_IDENTIFIER = PLL.Tenacity.watchkitapp.watchkitextension;
				PRODUCT_NAME = "${TARGET_NAME}";
				SDKROOT = watchos;
				SKIP_INSTALL = YES;
				SWIFT_VERSION = 4.0;
				TARGETED_DEVICE_FAMILY = 4;
				WATCHOS_DEPLOYMENT_TARGET = 4.3;
			};
			name = Release;
		};
		42A2B30C210A70E5004C931D /* Debug */ = {
			isa = XCBuildConfiguration;
			buildSettings = {
				ALWAYS_EMBED_SWIFT_STANDARD_LIBRARIES = YES;
				ASSETCATALOG_COMPILER_APPICON_NAME = AppIcon;
				CODE_SIGN_STYLE = Automatic;
				IBSC_MODULE = Tenacity_WatchKit_Extension;
				INFOPLIST_FILE = "Tenacity WatchKit App/Info.plist";
				PRODUCT_BUNDLE_IDENTIFIER = PLL.Tenacity.watchkitapp;
				PRODUCT_NAME = "$(TARGET_NAME)";
				SDKROOT = watchos;
				SKIP_INSTALL = YES;
				SWIFT_VERSION = 4.0;
				TARGETED_DEVICE_FAMILY = 4;
				WATCHOS_DEPLOYMENT_TARGET = 4.3;
			};
			name = Debug;
		};
		42A2B30D210A70E5004C931D /* Release */ = {
			isa = XCBuildConfiguration;
			buildSettings = {
				ALWAYS_EMBED_SWIFT_STANDARD_LIBRARIES = YES;
				ASSETCATALOG_COMPILER_APPICON_NAME = AppIcon;
				CODE_SIGN_STYLE = Automatic;
				IBSC_MODULE = Tenacity_WatchKit_Extension;
				INFOPLIST_FILE = "Tenacity WatchKit App/Info.plist";
				PRODUCT_BUNDLE_IDENTIFIER = PLL.Tenacity.watchkitapp;
				PRODUCT_NAME = "$(TARGET_NAME)";
				SDKROOT = watchos;
				SKIP_INSTALL = YES;
				SWIFT_VERSION = 4.0;
				TARGETED_DEVICE_FAMILY = 4;
				WATCHOS_DEPLOYMENT_TARGET = 4.3;
			};
			name = Release;
		};
		42A2B310210A70E5004C931D /* Debug */ = {
			isa = XCBuildConfiguration;
			buildSettings = {
				ASSETCATALOG_COMPILER_APPICON_NAME = AppIcon;
				CODE_SIGN_STYLE = Automatic;
				INFOPLIST_FILE = Tenacity/Info.plist;
				LD_RUNPATH_SEARCH_PATHS = (
					"$(inherited)",
					"@executable_path/Frameworks",
				);
				PRODUCT_BUNDLE_IDENTIFIER = PLL.Tenacity;
				PRODUCT_NAME = "$(TARGET_NAME)";
				SWIFT_VERSION = 4.0;
				TARGETED_DEVICE_FAMILY = "1,2";
			};
			name = Debug;
		};
		42A2B311210A70E5004C931D /* Release */ = {
			isa = XCBuildConfiguration;
			buildSettings = {
				ASSETCATALOG_COMPILER_APPICON_NAME = AppIcon;
				CODE_SIGN_STYLE = Automatic;
				INFOPLIST_FILE = Tenacity/Info.plist;
				LD_RUNPATH_SEARCH_PATHS = (
					"$(inherited)",
					"@executable_path/Frameworks",
				);
				PRODUCT_BUNDLE_IDENTIFIER = PLL.Tenacity;
				PRODUCT_NAME = "$(TARGET_NAME)";
				SWIFT_VERSION = 4.0;
				TARGETED_DEVICE_FAMILY = "1,2";
			};
			name = Release;
		};
		42A2B313210A70E5004C931D /* Debug */ = {
			isa = XCBuildConfiguration;
			buildSettings = {
				ALWAYS_EMBED_SWIFT_STANDARD_LIBRARIES = YES;
				BUNDLE_LOADER = "$(TEST_HOST)";
				CODE_SIGN_STYLE = Automatic;
				INFOPLIST_FILE = TenacityTests/Info.plist;
				LD_RUNPATH_SEARCH_PATHS = (
					"$(inherited)",
					"@executable_path/Frameworks",
					"@loader_path/Frameworks",
				);
				PRODUCT_BUNDLE_IDENTIFIER = PLL.TenacityTests;
				PRODUCT_NAME = "$(TARGET_NAME)";
				SWIFT_VERSION = 4.0;
				TARGETED_DEVICE_FAMILY = "1,2";
				TEST_HOST = "$(BUILT_PRODUCTS_DIR)/Tenacity.app/Tenacity";
			};
			name = Debug;
		};
		42A2B314210A70E5004C931D /* Release */ = {
			isa = XCBuildConfiguration;
			buildSettings = {
				ALWAYS_EMBED_SWIFT_STANDARD_LIBRARIES = YES;
				BUNDLE_LOADER = "$(TEST_HOST)";
				CODE_SIGN_STYLE = Automatic;
				INFOPLIST_FILE = TenacityTests/Info.plist;
				LD_RUNPATH_SEARCH_PATHS = (
					"$(inherited)",
					"@executable_path/Frameworks",
					"@loader_path/Frameworks",
				);
				PRODUCT_BUNDLE_IDENTIFIER = PLL.TenacityTests;
				PRODUCT_NAME = "$(TARGET_NAME)";
				SWIFT_VERSION = 4.0;
				TARGETED_DEVICE_FAMILY = "1,2";
				TEST_HOST = "$(BUILT_PRODUCTS_DIR)/Tenacity.app/Tenacity";
			};
			name = Release;
		};
		42A2B316210A70E5004C931D /* Debug */ = {
			isa = XCBuildConfiguration;
			buildSettings = {
				ALWAYS_EMBED_SWIFT_STANDARD_LIBRARIES = YES;
				CODE_SIGN_STYLE = Automatic;
				INFOPLIST_FILE = TenacityUITests/Info.plist;
				LD_RUNPATH_SEARCH_PATHS = (
					"$(inherited)",
					"@executable_path/Frameworks",
					"@loader_path/Frameworks",
				);
				PRODUCT_BUNDLE_IDENTIFIER = PLL.TenacityUITests;
				PRODUCT_NAME = "$(TARGET_NAME)";
				SWIFT_VERSION = 4.0;
				TARGETED_DEVICE_FAMILY = "1,2";
				TEST_TARGET_NAME = Tenacity;
			};
			name = Debug;
		};
		42A2B317210A70E5004C931D /* Release */ = {
			isa = XCBuildConfiguration;
			buildSettings = {
				ALWAYS_EMBED_SWIFT_STANDARD_LIBRARIES = YES;
				CODE_SIGN_STYLE = Automatic;
				INFOPLIST_FILE = TenacityUITests/Info.plist;
				LD_RUNPATH_SEARCH_PATHS = (
					"$(inherited)",
					"@executable_path/Frameworks",
					"@loader_path/Frameworks",
				);
				PRODUCT_BUNDLE_IDENTIFIER = PLL.TenacityUITests;
				PRODUCT_NAME = "$(TARGET_NAME)";
				SWIFT_VERSION = 4.0;
				TARGETED_DEVICE_FAMILY = "1,2";
				TEST_TARGET_NAME = Tenacity;
			};
			name = Release;
		};
/* End XCBuildConfiguration section */

/* Begin XCConfigurationList section */
		42A2B2BA210A70E1004C931D /* Build configuration list for PBXProject "Tenacity" */ = {
			isa = XCConfigurationList;
			buildConfigurations = (
				42A2B305210A70E5004C931D /* Debug */,
				42A2B306210A70E5004C931D /* Release */,
			);
			defaultConfigurationIsVisible = 0;
			defaultConfigurationName = Release;
		};
		42A2B307210A70E5004C931D /* Build configuration list for PBXNativeTarget "Tenacity WatchKit Extension" */ = {
			isa = XCConfigurationList;
			buildConfigurations = (
				42A2B308210A70E5004C931D /* Debug */,
				42A2B309210A70E5004C931D /* Release */,
			);
			defaultConfigurationIsVisible = 0;
			defaultConfigurationName = Release;
		};
		42A2B30B210A70E5004C931D /* Build configuration list for PBXNativeTarget "Tenacity WatchKit App" */ = {
			isa = XCConfigurationList;
			buildConfigurations = (
				42A2B30C210A70E5004C931D /* Debug */,
				42A2B30D210A70E5004C931D /* Release */,
			);
			defaultConfigurationIsVisible = 0;
			defaultConfigurationName = Release;
		};
		42A2B30F210A70E5004C931D /* Build configuration list for PBXNativeTarget "Tenacity" */ = {
			isa = XCConfigurationList;
			buildConfigurations = (
				42A2B310210A70E5004C931D /* Debug */,
				42A2B311210A70E5004C931D /* Release */,
			);
			defaultConfigurationIsVisible = 0;
			defaultConfigurationName = Release;
		};
		42A2B312210A70E5004C931D /* Build configuration list for PBXNativeTarget "TenacityTests" */ = {
			isa = XCConfigurationList;
			buildConfigurations = (
				42A2B313210A70E5004C931D /* Debug */,
				42A2B314210A70E5004C931D /* Release */,
			);
			defaultConfigurationIsVisible = 0;
			defaultConfigurationName = Release;
		};
		42A2B315210A70E5004C931D /* Build configuration list for PBXNativeTarget "TenacityUITests" */ = {
			isa = XCConfigurationList;
			buildConfigurations = (
				42A2B316210A70E5004C931D /* Debug */,
				42A2B317210A70E5004C931D /* Release */,
			);
			defaultConfigurationIsVisible = 0;
			defaultConfigurationName = Release;
		};
/* End XCConfigurationList section */
	};
	rootObject = 42A2B2B7210A70E1004C931D /* Project object */;
}
